// !$*UTF8*$!
{
	archiveVersion = 1;
	classes = {
	};
	objectVersion = 46;
	objects = {

/* Begin PBXBuildFile section */
		B02E0BC019CA8FDD009A0306 /* Card.m in Sources */ = {isa = PBXBuildFile; fileRef = B02E0BBA19CA8FDD009A0306 /* Card.m */; };
		B02E0BC119CA8FDD009A0306 /* CardCarzy.m in Sources */ = {isa = PBXBuildFile; fileRef = B02E0BBC19CA8FDD009A0306 /* CardCarzy.m */; };
		B02E0BC219CA8FDD009A0306 /* TimeLimitCarzy.m in Sources */ = {isa = PBXBuildFile; fileRef = B02E0BBF19CA8FDD009A0306 /* TimeLimitCarzy.m */; };
		B02E0BC519CA8FEE009A0306 /* CarzyList.m in Sources */ = {isa = PBXBuildFile; fileRef = B02E0BC419CA8FEE009A0306 /* CarzyList.m */; };
		B02E0BCA19CA8FFC009A0306 /* Merchant.m in Sources */ = {isa = PBXBuildFile; fileRef = B02E0BC719CA8FFC009A0306 /* Merchant.m */; };
		B02E0BCB19CA8FFC009A0306 /* MerchantCard.m in Sources */ = {isa = PBXBuildFile; fileRef = B02E0BC919CA8FFC009A0306 /* MerchantCard.m */; };
		B02E0BD219CADAAB009A0306 /* Result.m in Sources */ = {isa = PBXBuildFile; fileRef = B02E0BCD19CADAAB009A0306 /* Result.m */; };
		B02E0BD319CADAAB009A0306 /* ResultCard.m in Sources */ = {isa = PBXBuildFile; fileRef = B02E0BCF19CADAAB009A0306 /* ResultCard.m */; };
		B02E0BD419CADAAB009A0306 /* SearchInfo.m in Sources */ = {isa = PBXBuildFile; fileRef = B02E0BD119CADAAB009A0306 /* SearchInfo.m */; };
		FF8A929519C433B80010439B /* main.m in Sources */ = {isa = PBXBuildFile; fileRef = FF8A929419C433B80010439B /* main.m */; };
		FF8A929A19C433B80010439B /* Images.xcassets in Resources */ = {isa = PBXBuildFile; fileRef = FF8A929919C433B80010439B /* Images.xcassets */; };
		FF8A92A919C433B80010439B /* QuansosoTests.m in Sources */ = {isa = PBXBuildFile; fileRef = FF8A92A819C433B80010439B /* QuansosoTests.m */; };
		FFBA9E9219C680C800D9CBA2 /* AFHTTPClient.m in Sources */ = {isa = PBXBuildFile; fileRef = FFBA9E7B19C680C800D9CBA2 /* AFHTTPClient.m */; };
		FFBA9E9319C680C800D9CBA2 /* AFHTTPRequestOperation.m in Sources */ = {isa = PBXBuildFile; fileRef = FFBA9E7D19C680C800D9CBA2 /* AFHTTPRequestOperation.m */; };
		FFBA9E9419C680C800D9CBA2 /* AFImageRequestOperation.m in Sources */ = {isa = PBXBuildFile; fileRef = FFBA9E7F19C680C800D9CBA2 /* AFImageRequestOperation.m */; };
		FFBA9E9519C680C800D9CBA2 /* AFJSONRequestOperation.m in Sources */ = {isa = PBXBuildFile; fileRef = FFBA9E8119C680C800D9CBA2 /* AFJSONRequestOperation.m */; };
		FFBA9E9619C680C800D9CBA2 /* AFNetworkActivityIndicatorManager.m in Sources */ = {isa = PBXBuildFile; fileRef = FFBA9E8319C680C800D9CBA2 /* AFNetworkActivityIndicatorManager.m */; };
		FFBA9E9719C680C800D9CBA2 /* AFPropertyListRequestOperation.m in Sources */ = {isa = PBXBuildFile; fileRef = FFBA9E8619C680C800D9CBA2 /* AFPropertyListRequestOperation.m */; };
		FFBA9E9819C680C800D9CBA2 /* AFURLConnectionOperation.m in Sources */ = {isa = PBXBuildFile; fileRef = FFBA9E8819C680C800D9CBA2 /* AFURLConnectionOperation.m */; };
		FFBA9E9919C680C800D9CBA2 /* AFXMLRequestOperation.m in Sources */ = {isa = PBXBuildFile; fileRef = FFBA9E8A19C680C800D9CBA2 /* AFXMLRequestOperation.m */; };
		FFBA9E9A19C680C800D9CBA2 /* MyHttpClient.m in Sources */ = {isa = PBXBuildFile; fileRef = FFBA9E8D19C680C800D9CBA2 /* MyHttpClient.m */; };
		FFBA9E9B19C680C800D9CBA2 /* NetManager.m in Sources */ = {isa = PBXBuildFile; fileRef = FFBA9E8F19C680C800D9CBA2 /* NetManager.m */; };
		FFBA9E9C19C680C800D9CBA2 /* UIImageView+AFNetworking.m in Sources */ = {isa = PBXBuildFile; fileRef = FFBA9E9119C680C800D9CBA2 /* UIImageView+AFNetworking.m */; };
		FFBA9EA019C680E100D9CBA2 /* JSONKit.m in Sources */ = {isa = PBXBuildFile; fileRef = FFBA9E9F19C680E100D9CBA2 /* JSONKit.m */; settings = {COMPILER_FLAGS = "-fno-objc-arc"; }; };
		FFBA9EA419C6810100D9CBA2 /* UIViewAdditions.m in Sources */ = {isa = PBXBuildFile; fileRef = FFBA9EA319C6810100D9CBA2 /* UIViewAdditions.m */; };
		FFBA9EAA19C6811400D9CBA2 /* ThreadSafeMutableArry.m in Sources */ = {isa = PBXBuildFile; fileRef = FFBA9EA719C6811400D9CBA2 /* ThreadSafeMutableArry.m */; };
		FFBA9EAB19C6811400D9CBA2 /* ThreadSafeMutableDictionary.m in Sources */ = {isa = PBXBuildFile; fileRef = FFBA9EA919C6811400D9CBA2 /* ThreadSafeMutableDictionary.m */; };
		FFBA9EB719C6812500D9CBA2 /* DataCenterDeal.mm in Sources */ = {isa = PBXBuildFile; fileRef = FFBA9EAF19C6812500D9CBA2 /* DataCenterDeal.mm */; };
		FFBA9EB819C6812500D9CBA2 /* DataOC.mm in Sources */ = {isa = PBXBuildFile; fileRef = FFBA9EB119C6812500D9CBA2 /* DataOC.mm */; };
		FFBA9EB919C6812500D9CBA2 /* UIScrollView+SVInfiniteScrolling.m in Sources */ = {isa = PBXBuildFile; fileRef = FFBA9EB419C6812500D9CBA2 /* UIScrollView+SVInfiniteScrolling.m */; };
		FFBA9EBA19C6812500D9CBA2 /* UIScrollView+SVPullToRefresh.m in Sources */ = {isa = PBXBuildFile; fileRef = FFBA9EB619C6812500D9CBA2 /* UIScrollView+SVPullToRefresh.m */; };
		FFBA9EDD19C688F200D9CBA2 /* MKAnnotationView+WebCache.m in Sources */ = {isa = PBXBuildFile; fileRef = FFBA9EBD19C688F200D9CBA2 /* MKAnnotationView+WebCache.m */; };
		FFBA9EDE19C688F200D9CBA2 /* NSData+ImageContentType.m in Sources */ = {isa = PBXBuildFile; fileRef = FFBA9EBF19C688F200D9CBA2 /* NSData+ImageContentType.m */; };
		FFBA9EDF19C688F200D9CBA2 /* SDImageCache.m in Sources */ = {isa = PBXBuildFile; fileRef = FFBA9EC119C688F200D9CBA2 /* SDImageCache.m */; };
		FFBA9EE019C688F200D9CBA2 /* SDWebImageCompat.m in Sources */ = {isa = PBXBuildFile; fileRef = FFBA9EC319C688F200D9CBA2 /* SDWebImageCompat.m */; };
		FFBA9EE119C688F200D9CBA2 /* SDWebImageDecoder.m in Sources */ = {isa = PBXBuildFile; fileRef = FFBA9EC519C688F200D9CBA2 /* SDWebImageDecoder.m */; };
		FFBA9EE219C688F200D9CBA2 /* SDWebImageDownloader.m in Sources */ = {isa = PBXBuildFile; fileRef = FFBA9EC719C688F200D9CBA2 /* SDWebImageDownloader.m */; };
		FFBA9EE319C688F200D9CBA2 /* SDWebImageDownloaderOperation.m in Sources */ = {isa = PBXBuildFile; fileRef = FFBA9EC919C688F200D9CBA2 /* SDWebImageDownloaderOperation.m */; };
		FFBA9EE419C688F200D9CBA2 /* SDWebImageManager.m in Sources */ = {isa = PBXBuildFile; fileRef = FFBA9ECB19C688F200D9CBA2 /* SDWebImageManager.m */; };
		FFBA9EE519C688F200D9CBA2 /* SDWebImagePrefetcher.m in Sources */ = {isa = PBXBuildFile; fileRef = FFBA9ECE19C688F200D9CBA2 /* SDWebImagePrefetcher.m */; };
		FFBA9EE619C688F200D9CBA2 /* UIButton+WebCache.m in Sources */ = {isa = PBXBuildFile; fileRef = FFBA9ED019C688F200D9CBA2 /* UIButton+WebCache.m */; };
		FFBA9EE719C688F200D9CBA2 /* UIImage+GIF.m in Sources */ = {isa = PBXBuildFile; fileRef = FFBA9ED219C688F200D9CBA2 /* UIImage+GIF.m */; };
		FFBA9EE819C688F200D9CBA2 /* UIImage+MultiFormat.m in Sources */ = {isa = PBXBuildFile; fileRef = FFBA9ED419C688F200D9CBA2 /* UIImage+MultiFormat.m */; };
		FFBA9EEA19C688F200D9CBA2 /* UIImageView+HighlightedWebCache.m in Sources */ = {isa = PBXBuildFile; fileRef = FFBA9ED819C688F200D9CBA2 /* UIImageView+HighlightedWebCache.m */; };
		FFBA9EEB19C688F200D9CBA2 /* UIImageView+WebCache.m in Sources */ = {isa = PBXBuildFile; fileRef = FFBA9EDA19C688F200D9CBA2 /* UIImageView+WebCache.m */; };
		FFBA9EEC19C688F200D9CBA2 /* UIView+WebCacheOperation.m in Sources */ = {isa = PBXBuildFile; fileRef = FFBA9EDC19C688F200D9CBA2 /* UIView+WebCacheOperation.m */; };
		FFE85F1919CABAF100A216BB /* QSRootLeftView.m in Sources */ = {isa = PBXBuildFile; fileRef = FFE85F1419CABAF100A216BB /* QSRootLeftView.m */; };
		FFE85F1A19CABAF100A216BB /* QSRootViewController.m in Sources */ = {isa = PBXBuildFile; fileRef = FFE85F1619CABAF100A216BB /* QSRootViewController.m */; };
		FFE85F1B19CABAF100A216BB /* ViewInteraction.m in Sources */ = {isa = PBXBuildFile; fileRef = FFE85F1819CABAF100A216BB /* ViewInteraction.m */; };
		FFE85F1E19CABB1300A216BB /* BaseViewController.m in Sources */ = {isa = PBXBuildFile; fileRef = FFE85F1D19CABB1300A216BB /* BaseViewController.m */; };
		FFE85F2B19CABB9300A216BB /* QSCrazyQGView.m in Sources */ = {isa = PBXBuildFile; fileRef = FFE85F2119CABB9300A216BB /* QSCrazyQGView.m */; };
		FFE85F2C19CABB9300A216BB /* QSFirstView.m in Sources */ = {isa = PBXBuildFile; fileRef = FFE85F2419CABB9300A216BB /* QSFirstView.m */; };
		FFE85F2D19CABB9300A216BB /* QSSearchView.m in Sources */ = {isa = PBXBuildFile; fileRef = FFE85F2719CABB9300A216BB /* QSSearchView.m */; };
		FFE85F2E19CABB9300A216BB /* QSSettingView.m in Sources */ = {isa = PBXBuildFile; fileRef = FFE85F2A19CABB9300A216BB /* QSSettingView.m */; };
		FFE85F3419CABBAE00A216BB /* FBKVOController.m in Sources */ = {isa = PBXBuildFile; fileRef = FFE85F3119CABBAE00A216BB /* FBKVOController.m */; };
		FFE85F3519CABBAE00A216BB /* NSData+Base64.m in Sources */ = {isa = PBXBuildFile; fileRef = FFE85F3319CABBAE00A216BB /* NSData+Base64.m */; };
		FFE85F3819CABCB300A216BB /* AppDelegate.m in Sources */ = {isa = PBXBuildFile; fileRef = FFE85F3719CABCB300A216BB /* AppDelegate.m */; };
		FFE85F3A19CAC22300A216BB /* QuartzCore.framework in Frameworks */ = {isa = PBXBuildFile; fileRef = FFE85F3919CAC22300A216BB /* QuartzCore.framework */; };
		FFE85F3C19CAC22C00A216BB /* Accelerate.framework in Frameworks */ = {isa = PBXBuildFile; fileRef = FFE85F3B19CAC22C00A216BB /* Accelerate.framework */; };
		FFE85F4319CAC84400A216BB /* UIImage+ImageEffects.m in Sources */ = {isa = PBXBuildFile; fileRef = FFE85F4219CAC84400A216BB /* UIImage+ImageEffects.m */; };
		FFE85F4619CACDEF00A216BB /* sdk.png in Resources */ = {isa = PBXBuildFile; fileRef = FFE85F4419CACDEF00A216BB /* sdk.png */; };
		FFE85F4719CACDEF00A216BB /* yw_1222.jpg in Resources */ = {isa = PBXBuildFile; fileRef = FFE85F4519CACDEF00A216BB /* yw_1222.jpg */; };
		FFE85F4C19CACEBD00A216BB /* Tae.bundle in Resources */ = {isa = PBXBuildFile; fileRef = FFE85F4B19CACEBD00A216BB /* Tae.bundle */; };
		FFE85F4E19CACEC200A216BB /* AlipaySDK.bundle in Resources */ = {isa = PBXBuildFile; fileRef = FFE85F4D19CACEC200A216BB /* AlipaySDK.bundle */; };
		FFE85F5219CACF9300A216BB /* TAESDK.framework in Frameworks */ = {isa = PBXBuildFile; fileRef = FFE85F5119CACF9200A216BB /* TAESDK.framework */; };
		FFE85F5419CAD2A200A216BB /* CoreGraphics.framework in Frameworks */ = {isa = PBXBuildFile; fileRef = FFE85F5319CAD2A200A216BB /* CoreGraphics.framework */; };
		FFE85F5619CAD2B800A216BB /* Foundation.framework in Frameworks */ = {isa = PBXBuildFile; fileRef = FFE85F5519CAD2B800A216BB /* Foundation.framework */; };
		FFE85F5819CAD2BE00A216BB /* UIKit.framework in Frameworks */ = {isa = PBXBuildFile; fileRef = FFE85F5719CAD2BE00A216BB /* UIKit.framework */; };
		FFEF4EDA19C58882009E6E84 /* Security.framework in Frameworks */ = {isa = PBXBuildFile; fileRef = FFEF4ED919C58882009E6E84 /* Security.framework */; };
		FFEF4EDC19C58896009E6E84 /* CoreTelephony.framework in Frameworks */ = {isa = PBXBuildFile; fileRef = FFEF4EDB19C58896009E6E84 /* CoreTelephony.framework */; };
		FFEF4EDE19C588A2009E6E84 /* SystemConfiguration.framework in Frameworks */ = {isa = PBXBuildFile; fileRef = FFEF4EDD19C588A2009E6E84 /* SystemConfiguration.framework */; };
		FFEF4EE019C588B1009E6E84 /* CoreLocation.framework in Frameworks */ = {isa = PBXBuildFile; fileRef = FFEF4EDF19C588B1009E6E84 /* CoreLocation.framework */; };
		FFEF4EE219C588C7009E6E84 /* libz.dylib in Frameworks */ = {isa = PBXBuildFile; fileRef = FFEF4EE119C588C7009E6E84 /* libz.dylib */; };
		FFEF4EE419C588E7009E6E84 /* CFNetwork.framework in Frameworks */ = {isa = PBXBuildFile; fileRef = FFEF4EE319C588E7009E6E84 /* CFNetwork.framework */; };
/* End PBXBuildFile section */

/* Begin PBXContainerItemProxy section */
		FF8A92A319C433B80010439B /* PBXContainerItemProxy */ = {
			isa = PBXContainerItemProxy;
			containerPortal = FF8A928719C433B80010439B /* Project object */;
			proxyType = 1;
			remoteGlobalIDString = FF8A928E19C433B80010439B;
			remoteInfo = Quansoso;
		};
/* End PBXContainerItemProxy section */

/* Begin PBXFileReference section */
		B02E0BB919CA8FDD009A0306 /* Card.h */ = {isa = PBXFileReference; fileEncoding = 4; lastKnownFileType = sourcecode.c.h; path = Card.h; sourceTree = "<group>"; };
		B02E0BBA19CA8FDD009A0306 /* Card.m */ = {isa = PBXFileReference; fileEncoding = 4; lastKnownFileType = sourcecode.c.objc; path = Card.m; sourceTree = "<group>"; };
		B02E0BBB19CA8FDD009A0306 /* CardCarzy.h */ = {isa = PBXFileReference; fileEncoding = 4; lastKnownFileType = sourcecode.c.h; path = CardCarzy.h; sourceTree = "<group>"; };
		B02E0BBC19CA8FDD009A0306 /* CardCarzy.m */ = {isa = PBXFileReference; fileEncoding = 4; lastKnownFileType = sourcecode.c.objc; path = CardCarzy.m; sourceTree = "<group>"; };
		B02E0BBD19CA8FDD009A0306 /* DataModels.h */ = {isa = PBXFileReference; fileEncoding = 4; lastKnownFileType = sourcecode.c.h; path = DataModels.h; sourceTree = "<group>"; };
		B02E0BBE19CA8FDD009A0306 /* TimeLimitCarzy.h */ = {isa = PBXFileReference; fileEncoding = 4; lastKnownFileType = sourcecode.c.h; path = TimeLimitCarzy.h; sourceTree = "<group>"; };
		B02E0BBF19CA8FDD009A0306 /* TimeLimitCarzy.m */ = {isa = PBXFileReference; fileEncoding = 4; lastKnownFileType = sourcecode.c.objc; path = TimeLimitCarzy.m; sourceTree = "<group>"; };
		B02E0BC319CA8FEE009A0306 /* CarzyList.h */ = {isa = PBXFileReference; fileEncoding = 4; lastKnownFileType = sourcecode.c.h; path = CarzyList.h; sourceTree = "<group>"; };
		B02E0BC419CA8FEE009A0306 /* CarzyList.m */ = {isa = PBXFileReference; fileEncoding = 4; lastKnownFileType = sourcecode.c.objc; path = CarzyList.m; sourceTree = "<group>"; };
		B02E0BC619CA8FFC009A0306 /* Merchant.h */ = {isa = PBXFileReference; fileEncoding = 4; lastKnownFileType = sourcecode.c.h; path = Merchant.h; sourceTree = "<group>"; };
		B02E0BC719CA8FFC009A0306 /* Merchant.m */ = {isa = PBXFileReference; fileEncoding = 4; lastKnownFileType = sourcecode.c.objc; path = Merchant.m; sourceTree = "<group>"; };
		B02E0BC819CA8FFC009A0306 /* MerchantCard.h */ = {isa = PBXFileReference; fileEncoding = 4; lastKnownFileType = sourcecode.c.h; path = MerchantCard.h; sourceTree = "<group>"; };
		B02E0BC919CA8FFC009A0306 /* MerchantCard.m */ = {isa = PBXFileReference; fileEncoding = 4; lastKnownFileType = sourcecode.c.objc; path = MerchantCard.m; sourceTree = "<group>"; };
		B02E0BCC19CADAAB009A0306 /* Result.h */ = {isa = PBXFileReference; fileEncoding = 4; lastKnownFileType = sourcecode.c.h; path = Result.h; sourceTree = "<group>"; };
		B02E0BCD19CADAAB009A0306 /* Result.m */ = {isa = PBXFileReference; fileEncoding = 4; lastKnownFileType = sourcecode.c.objc; path = Result.m; sourceTree = "<group>"; };
		B02E0BCE19CADAAB009A0306 /* ResultCard.h */ = {isa = PBXFileReference; fileEncoding = 4; lastKnownFileType = sourcecode.c.h; path = ResultCard.h; sourceTree = "<group>"; };
		B02E0BCF19CADAAB009A0306 /* ResultCard.m */ = {isa = PBXFileReference; fileEncoding = 4; lastKnownFileType = sourcecode.c.objc; path = ResultCard.m; sourceTree = "<group>"; };
		B02E0BD019CADAAB009A0306 /* SearchInfo.h */ = {isa = PBXFileReference; fileEncoding = 4; lastKnownFileType = sourcecode.c.h; path = SearchInfo.h; sourceTree = "<group>"; };
		B02E0BD119CADAAB009A0306 /* SearchInfo.m */ = {isa = PBXFileReference; fileEncoding = 4; lastKnownFileType = sourcecode.c.objc; path = SearchInfo.m; sourceTree = "<group>"; };
		FF8A928F19C433B80010439B /* Quansoso.app */ = {isa = PBXFileReference; explicitFileType = wrapper.application; includeInIndex = 0; path = Quansoso.app; sourceTree = BUILT_PRODUCTS_DIR; };
		FF8A929319C433B80010439B /* Info.plist */ = {isa = PBXFileReference; lastKnownFileType = text.plist.xml; path = Info.plist; sourceTree = "<group>"; };
		FF8A929419C433B80010439B /* main.m */ = {isa = PBXFileReference; lastKnownFileType = sourcecode.c.objc; path = main.m; sourceTree = "<group>"; };
		FF8A929919C433B80010439B /* Images.xcassets */ = {isa = PBXFileReference; lastKnownFileType = folder.assetcatalog; path = Images.xcassets; sourceTree = "<group>"; };
		FF8A929C19C433B80010439B /* Base */ = {isa = PBXFileReference; lastKnownFileType = file.xib; name = Base; path = Base.lproj/LaunchScreen.xib; sourceTree = "<group>"; };
		FF8A92A219C433B80010439B /* QuansosoTests.xctest */ = {isa = PBXFileReference; explicitFileType = wrapper.cfbundle; includeInIndex = 0; path = QuansosoTests.xctest; sourceTree = BUILT_PRODUCTS_DIR; };
		FF8A92A719C433B80010439B /* Info.plist */ = {isa = PBXFileReference; lastKnownFileType = text.plist.xml; path = Info.plist; sourceTree = "<group>"; };
		FF8A92A819C433B80010439B /* QuansosoTests.m */ = {isa = PBXFileReference; lastKnownFileType = sourcecode.c.objc; path = QuansosoTests.m; sourceTree = "<group>"; };
		FF8A92B219C434370010439B /* QSS-Prefix.pch */ = {isa = PBXFileReference; fileEncoding = 4; lastKnownFileType = sourcecode.c.h; path = "QSS-Prefix.pch"; sourceTree = "<group>"; };
		FF8A92B419C435AD0010439B /* QSS_Public.h */ = {isa = PBXFileReference; fileEncoding = 4; lastKnownFileType = sourcecode.c.h; path = QSS_Public.h; sourceTree = "<group>"; };
		FFBA9E7A19C680C800D9CBA2 /* AFHTTPClient.h */ = {isa = PBXFileReference; fileEncoding = 4; lastKnownFileType = sourcecode.c.h; path = AFHTTPClient.h; sourceTree = "<group>"; };
		FFBA9E7B19C680C800D9CBA2 /* AFHTTPClient.m */ = {isa = PBXFileReference; fileEncoding = 4; lastKnownFileType = sourcecode.c.objc; path = AFHTTPClient.m; sourceTree = "<group>"; };
		FFBA9E7C19C680C800D9CBA2 /* AFHTTPRequestOperation.h */ = {isa = PBXFileReference; fileEncoding = 4; lastKnownFileType = sourcecode.c.h; path = AFHTTPRequestOperation.h; sourceTree = "<group>"; };
		FFBA9E7D19C680C800D9CBA2 /* AFHTTPRequestOperation.m */ = {isa = PBXFileReference; fileEncoding = 4; lastKnownFileType = sourcecode.c.objc; path = AFHTTPRequestOperation.m; sourceTree = "<group>"; };
		FFBA9E7E19C680C800D9CBA2 /* AFImageRequestOperation.h */ = {isa = PBXFileReference; fileEncoding = 4; lastKnownFileType = sourcecode.c.h; path = AFImageRequestOperation.h; sourceTree = "<group>"; };
		FFBA9E7F19C680C800D9CBA2 /* AFImageRequestOperation.m */ = {isa = PBXFileReference; fileEncoding = 4; lastKnownFileType = sourcecode.c.objc; path = AFImageRequestOperation.m; sourceTree = "<group>"; };
		FFBA9E8019C680C800D9CBA2 /* AFJSONRequestOperation.h */ = {isa = PBXFileReference; fileEncoding = 4; lastKnownFileType = sourcecode.c.h; path = AFJSONRequestOperation.h; sourceTree = "<group>"; };
		FFBA9E8119C680C800D9CBA2 /* AFJSONRequestOperation.m */ = {isa = PBXFileReference; fileEncoding = 4; lastKnownFileType = sourcecode.c.objc; path = AFJSONRequestOperation.m; sourceTree = "<group>"; };
		FFBA9E8219C680C800D9CBA2 /* AFNetworkActivityIndicatorManager.h */ = {isa = PBXFileReference; fileEncoding = 4; lastKnownFileType = sourcecode.c.h; path = AFNetworkActivityIndicatorManager.h; sourceTree = "<group>"; };
		FFBA9E8319C680C800D9CBA2 /* AFNetworkActivityIndicatorManager.m */ = {isa = PBXFileReference; fileEncoding = 4; lastKnownFileType = sourcecode.c.objc; path = AFNetworkActivityIndicatorManager.m; sourceTree = "<group>"; };
		FFBA9E8419C680C800D9CBA2 /* AFNetworking.h */ = {isa = PBXFileReference; fileEncoding = 4; lastKnownFileType = sourcecode.c.h; path = AFNetworking.h; sourceTree = "<group>"; };
		FFBA9E8519C680C800D9CBA2 /* AFPropertyListRequestOperation.h */ = {isa = PBXFileReference; fileEncoding = 4; lastKnownFileType = sourcecode.c.h; path = AFPropertyListRequestOperation.h; sourceTree = "<group>"; };
		FFBA9E8619C680C800D9CBA2 /* AFPropertyListRequestOperation.m */ = {isa = PBXFileReference; fileEncoding = 4; lastKnownFileType = sourcecode.c.objc; path = AFPropertyListRequestOperation.m; sourceTree = "<group>"; };
		FFBA9E8719C680C800D9CBA2 /* AFURLConnectionOperation.h */ = {isa = PBXFileReference; fileEncoding = 4; lastKnownFileType = sourcecode.c.h; path = AFURLConnectionOperation.h; sourceTree = "<group>"; };
		FFBA9E8819C680C800D9CBA2 /* AFURLConnectionOperation.m */ = {isa = PBXFileReference; fileEncoding = 4; lastKnownFileType = sourcecode.c.objc; path = AFURLConnectionOperation.m; sourceTree = "<group>"; };
		FFBA9E8919C680C800D9CBA2 /* AFXMLRequestOperation.h */ = {isa = PBXFileReference; fileEncoding = 4; lastKnownFileType = sourcecode.c.h; path = AFXMLRequestOperation.h; sourceTree = "<group>"; };
		FFBA9E8A19C680C800D9CBA2 /* AFXMLRequestOperation.m */ = {isa = PBXFileReference; fileEncoding = 4; lastKnownFileType = sourcecode.c.objc; path = AFXMLRequestOperation.m; sourceTree = "<group>"; };
		FFBA9E8C19C680C800D9CBA2 /* MyHttpClient.h */ = {isa = PBXFileReference; fileEncoding = 4; lastKnownFileType = sourcecode.c.h; path = MyHttpClient.h; sourceTree = "<group>"; };
		FFBA9E8D19C680C800D9CBA2 /* MyHttpClient.m */ = {isa = PBXFileReference; fileEncoding = 4; lastKnownFileType = sourcecode.c.objc; path = MyHttpClient.m; sourceTree = "<group>"; };
		FFBA9E8E19C680C800D9CBA2 /* NetManager.h */ = {isa = PBXFileReference; fileEncoding = 4; lastKnownFileType = sourcecode.c.h; path = NetManager.h; sourceTree = "<group>"; };
		FFBA9E8F19C680C800D9CBA2 /* NetManager.m */ = {isa = PBXFileReference; fileEncoding = 4; lastKnownFileType = sourcecode.c.objc; path = NetManager.m; sourceTree = "<group>"; };
		FFBA9E9019C680C800D9CBA2 /* UIImageView+AFNetworking.h */ = {isa = PBXFileReference; fileEncoding = 4; lastKnownFileType = sourcecode.c.h; path = "UIImageView+AFNetworking.h"; sourceTree = "<group>"; };
		FFBA9E9119C680C800D9CBA2 /* UIImageView+AFNetworking.m */ = {isa = PBXFileReference; fileEncoding = 4; lastKnownFileType = sourcecode.c.objc; path = "UIImageView+AFNetworking.m"; sourceTree = "<group>"; };
		FFBA9E9E19C680E100D9CBA2 /* JSONKit.h */ = {isa = PBXFileReference; fileEncoding = 4; lastKnownFileType = sourcecode.c.h; path = JSONKit.h; sourceTree = "<group>"; };
		FFBA9E9F19C680E100D9CBA2 /* JSONKit.m */ = {isa = PBXFileReference; fileEncoding = 4; lastKnownFileType = sourcecode.c.objc; path = JSONKit.m; sourceTree = "<group>"; };
		FFBA9EA219C6810100D9CBA2 /* UIViewAdditions.h */ = {isa = PBXFileReference; fileEncoding = 4; lastKnownFileType = sourcecode.c.h; path = UIViewAdditions.h; sourceTree = "<group>"; };
		FFBA9EA319C6810100D9CBA2 /* UIViewAdditions.m */ = {isa = PBXFileReference; fileEncoding = 4; lastKnownFileType = sourcecode.c.objc; path = UIViewAdditions.m; sourceTree = "<group>"; };
		FFBA9EA619C6811400D9CBA2 /* ThreadSafeMutableArry.h */ = {isa = PBXFileReference; fileEncoding = 4; lastKnownFileType = sourcecode.c.h; path = ThreadSafeMutableArry.h; sourceTree = "<group>"; };
		FFBA9EA719C6811400D9CBA2 /* ThreadSafeMutableArry.m */ = {isa = PBXFileReference; fileEncoding = 4; lastKnownFileType = sourcecode.c.objc; path = ThreadSafeMutableArry.m; sourceTree = "<group>"; };
		FFBA9EA819C6811400D9CBA2 /* ThreadSafeMutableDictionary.h */ = {isa = PBXFileReference; fileEncoding = 4; lastKnownFileType = sourcecode.c.h; path = ThreadSafeMutableDictionary.h; sourceTree = "<group>"; };
		FFBA9EA919C6811400D9CBA2 /* ThreadSafeMutableDictionary.m */ = {isa = PBXFileReference; fileEncoding = 4; lastKnownFileType = sourcecode.c.objc; path = ThreadSafeMutableDictionary.m; sourceTree = "<group>"; };
		FFBA9EAE19C6812500D9CBA2 /* DataCenterDeal.h */ = {isa = PBXFileReference; fileEncoding = 4; lastKnownFileType = sourcecode.c.h; path = DataCenterDeal.h; sourceTree = "<group>"; };
		FFBA9EAF19C6812500D9CBA2 /* DataCenterDeal.mm */ = {isa = PBXFileReference; fileEncoding = 4; lastKnownFileType = sourcecode.cpp.objcpp; path = DataCenterDeal.mm; sourceTree = "<group>"; };
		FFBA9EB019C6812500D9CBA2 /* DataOC.h */ = {isa = PBXFileReference; fileEncoding = 4; lastKnownFileType = sourcecode.c.h; path = DataOC.h; sourceTree = "<group>"; };
		FFBA9EB119C6812500D9CBA2 /* DataOC.mm */ = {isa = PBXFileReference; fileEncoding = 4; lastKnownFileType = sourcecode.cpp.objcpp; path = DataOC.mm; sourceTree = "<group>"; };
		FFBA9EB219C6812500D9CBA2 /* SVPullToRefresh.h */ = {isa = PBXFileReference; fileEncoding = 4; lastKnownFileType = sourcecode.c.h; path = SVPullToRefresh.h; sourceTree = "<group>"; };
		FFBA9EB319C6812500D9CBA2 /* UIScrollView+SVInfiniteScrolling.h */ = {isa = PBXFileReference; fileEncoding = 4; lastKnownFileType = sourcecode.c.h; path = "UIScrollView+SVInfiniteScrolling.h"; sourceTree = "<group>"; };
		FFBA9EB419C6812500D9CBA2 /* UIScrollView+SVInfiniteScrolling.m */ = {isa = PBXFileReference; fileEncoding = 4; lastKnownFileType = sourcecode.c.objc; path = "UIScrollView+SVInfiniteScrolling.m"; sourceTree = "<group>"; };
		FFBA9EB519C6812500D9CBA2 /* UIScrollView+SVPullToRefresh.h */ = {isa = PBXFileReference; fileEncoding = 4; lastKnownFileType = sourcecode.c.h; path = "UIScrollView+SVPullToRefresh.h"; sourceTree = "<group>"; };
		FFBA9EB619C6812500D9CBA2 /* UIScrollView+SVPullToRefresh.m */ = {isa = PBXFileReference; fileEncoding = 4; lastKnownFileType = sourcecode.c.objc; path = "UIScrollView+SVPullToRefresh.m"; sourceTree = "<group>"; };
		FFBA9EBC19C688F200D9CBA2 /* MKAnnotationView+WebCache.h */ = {isa = PBXFileReference; fileEncoding = 4; lastKnownFileType = sourcecode.c.h; path = "MKAnnotationView+WebCache.h"; sourceTree = "<group>"; };
		FFBA9EBD19C688F200D9CBA2 /* MKAnnotationView+WebCache.m */ = {isa = PBXFileReference; fileEncoding = 4; lastKnownFileType = sourcecode.c.objc; path = "MKAnnotationView+WebCache.m"; sourceTree = "<group>"; };
		FFBA9EBE19C688F200D9CBA2 /* NSData+ImageContentType.h */ = {isa = PBXFileReference; fileEncoding = 4; lastKnownFileType = sourcecode.c.h; path = "NSData+ImageContentType.h"; sourceTree = "<group>"; };
		FFBA9EBF19C688F200D9CBA2 /* NSData+ImageContentType.m */ = {isa = PBXFileReference; fileEncoding = 4; lastKnownFileType = sourcecode.c.objc; path = "NSData+ImageContentType.m"; sourceTree = "<group>"; };
		FFBA9EC019C688F200D9CBA2 /* SDImageCache.h */ = {isa = PBXFileReference; fileEncoding = 4; lastKnownFileType = sourcecode.c.h; path = SDImageCache.h; sourceTree = "<group>"; };
		FFBA9EC119C688F200D9CBA2 /* SDImageCache.m */ = {isa = PBXFileReference; fileEncoding = 4; lastKnownFileType = sourcecode.c.objc; path = SDImageCache.m; sourceTree = "<group>"; };
		FFBA9EC219C688F200D9CBA2 /* SDWebImageCompat.h */ = {isa = PBXFileReference; fileEncoding = 4; lastKnownFileType = sourcecode.c.h; path = SDWebImageCompat.h; sourceTree = "<group>"; };
		FFBA9EC319C688F200D9CBA2 /* SDWebImageCompat.m */ = {isa = PBXFileReference; fileEncoding = 4; lastKnownFileType = sourcecode.c.objc; path = SDWebImageCompat.m; sourceTree = "<group>"; };
		FFBA9EC419C688F200D9CBA2 /* SDWebImageDecoder.h */ = {isa = PBXFileReference; fileEncoding = 4; lastKnownFileType = sourcecode.c.h; path = SDWebImageDecoder.h; sourceTree = "<group>"; };
		FFBA9EC519C688F200D9CBA2 /* SDWebImageDecoder.m */ = {isa = PBXFileReference; fileEncoding = 4; lastKnownFileType = sourcecode.c.objc; path = SDWebImageDecoder.m; sourceTree = "<group>"; };
		FFBA9EC619C688F200D9CBA2 /* SDWebImageDownloader.h */ = {isa = PBXFileReference; fileEncoding = 4; lastKnownFileType = sourcecode.c.h; path = SDWebImageDownloader.h; sourceTree = "<group>"; };
		FFBA9EC719C688F200D9CBA2 /* SDWebImageDownloader.m */ = {isa = PBXFileReference; fileEncoding = 4; lastKnownFileType = sourcecode.c.objc; path = SDWebImageDownloader.m; sourceTree = "<group>"; };
		FFBA9EC819C688F200D9CBA2 /* SDWebImageDownloaderOperation.h */ = {isa = PBXFileReference; fileEncoding = 4; lastKnownFileType = sourcecode.c.h; path = SDWebImageDownloaderOperation.h; sourceTree = "<group>"; };
		FFBA9EC919C688F200D9CBA2 /* SDWebImageDownloaderOperation.m */ = {isa = PBXFileReference; fileEncoding = 4; lastKnownFileType = sourcecode.c.objc; path = SDWebImageDownloaderOperation.m; sourceTree = "<group>"; };
		FFBA9ECA19C688F200D9CBA2 /* SDWebImageManager.h */ = {isa = PBXFileReference; fileEncoding = 4; lastKnownFileType = sourcecode.c.h; path = SDWebImageManager.h; sourceTree = "<group>"; };
		FFBA9ECB19C688F200D9CBA2 /* SDWebImageManager.m */ = {isa = PBXFileReference; fileEncoding = 4; lastKnownFileType = sourcecode.c.objc; path = SDWebImageManager.m; sourceTree = "<group>"; };
		FFBA9ECC19C688F200D9CBA2 /* SDWebImageOperation.h */ = {isa = PBXFileReference; fileEncoding = 4; lastKnownFileType = sourcecode.c.h; path = SDWebImageOperation.h; sourceTree = "<group>"; };
		FFBA9ECD19C688F200D9CBA2 /* SDWebImagePrefetcher.h */ = {isa = PBXFileReference; fileEncoding = 4; lastKnownFileType = sourcecode.c.h; path = SDWebImagePrefetcher.h; sourceTree = "<group>"; };
		FFBA9ECE19C688F200D9CBA2 /* SDWebImagePrefetcher.m */ = {isa = PBXFileReference; fileEncoding = 4; lastKnownFileType = sourcecode.c.objc; path = SDWebImagePrefetcher.m; sourceTree = "<group>"; };
		FFBA9ECF19C688F200D9CBA2 /* UIButton+WebCache.h */ = {isa = PBXFileReference; fileEncoding = 4; lastKnownFileType = sourcecode.c.h; path = "UIButton+WebCache.h"; sourceTree = "<group>"; };
		FFBA9ED019C688F200D9CBA2 /* UIButton+WebCache.m */ = {isa = PBXFileReference; fileEncoding = 4; lastKnownFileType = sourcecode.c.objc; path = "UIButton+WebCache.m"; sourceTree = "<group>"; };
		FFBA9ED119C688F200D9CBA2 /* UIImage+GIF.h */ = {isa = PBXFileReference; fileEncoding = 4; lastKnownFileType = sourcecode.c.h; path = "UIImage+GIF.h"; sourceTree = "<group>"; };
		FFBA9ED219C688F200D9CBA2 /* UIImage+GIF.m */ = {isa = PBXFileReference; fileEncoding = 4; lastKnownFileType = sourcecode.c.objc; path = "UIImage+GIF.m"; sourceTree = "<group>"; };
		FFBA9ED319C688F200D9CBA2 /* UIImage+MultiFormat.h */ = {isa = PBXFileReference; fileEncoding = 4; lastKnownFileType = sourcecode.c.h; path = "UIImage+MultiFormat.h"; sourceTree = "<group>"; };
		FFBA9ED419C688F200D9CBA2 /* UIImage+MultiFormat.m */ = {isa = PBXFileReference; fileEncoding = 4; lastKnownFileType = sourcecode.c.objc; path = "UIImage+MultiFormat.m"; sourceTree = "<group>"; };
		FFBA9ED719C688F200D9CBA2 /* UIImageView+HighlightedWebCache.h */ = {isa = PBXFileReference; fileEncoding = 4; lastKnownFileType = sourcecode.c.h; path = "UIImageView+HighlightedWebCache.h"; sourceTree = "<group>"; };
		FFBA9ED819C688F200D9CBA2 /* UIImageView+HighlightedWebCache.m */ = {isa = PBXFileReference; fileEncoding = 4; lastKnownFileType = sourcecode.c.objc; path = "UIImageView+HighlightedWebCache.m"; sourceTree = "<group>"; };
		FFBA9ED919C688F200D9CBA2 /* UIImageView+WebCache.h */ = {isa = PBXFileReference; fileEncoding = 4; lastKnownFileType = sourcecode.c.h; path = "UIImageView+WebCache.h"; sourceTree = "<group>"; };
		FFBA9EDA19C688F200D9CBA2 /* UIImageView+WebCache.m */ = {isa = PBXFileReference; fileEncoding = 4; lastKnownFileType = sourcecode.c.objc; path = "UIImageView+WebCache.m"; sourceTree = "<group>"; };
		FFBA9EDB19C688F200D9CBA2 /* UIView+WebCacheOperation.h */ = {isa = PBXFileReference; fileEncoding = 4; lastKnownFileType = sourcecode.c.h; path = "UIView+WebCacheOperation.h"; sourceTree = "<group>"; };
		FFBA9EDC19C688F200D9CBA2 /* UIView+WebCacheOperation.m */ = {isa = PBXFileReference; fileEncoding = 4; lastKnownFileType = sourcecode.c.objc; path = "UIView+WebCacheOperation.m"; sourceTree = "<group>"; };
		FFE85F1319CABAF100A216BB /* QSRootLeftView.h */ = {isa = PBXFileReference; fileEncoding = 4; lastKnownFileType = sourcecode.c.h; path = QSRootLeftView.h; sourceTree = "<group>"; };
		FFE85F1419CABAF100A216BB /* QSRootLeftView.m */ = {isa = PBXFileReference; fileEncoding = 4; lastKnownFileType = sourcecode.c.objc; path = QSRootLeftView.m; sourceTree = "<group>"; };
		FFE85F1519CABAF100A216BB /* QSRootViewController.h */ = {isa = PBXFileReference; fileEncoding = 4; lastKnownFileType = sourcecode.c.h; path = QSRootViewController.h; sourceTree = "<group>"; };
		FFE85F1619CABAF100A216BB /* QSRootViewController.m */ = {isa = PBXFileReference; fileEncoding = 4; lastKnownFileType = sourcecode.c.objc; path = QSRootViewController.m; sourceTree = "<group>"; };
		FFE85F1719CABAF100A216BB /* ViewInteraction.h */ = {isa = PBXFileReference; fileEncoding = 4; lastKnownFileType = sourcecode.c.h; path = ViewInteraction.h; sourceTree = "<group>"; };
		FFE85F1819CABAF100A216BB /* ViewInteraction.m */ = {isa = PBXFileReference; fileEncoding = 4; lastKnownFileType = sourcecode.c.objc; path = ViewInteraction.m; sourceTree = "<group>"; };
		FFE85F1C19CABB1300A216BB /* BaseViewController.h */ = {isa = PBXFileReference; fileEncoding = 4; lastKnownFileType = sourcecode.c.h; path = BaseViewController.h; sourceTree = "<group>"; };
		FFE85F1D19CABB1300A216BB /* BaseViewController.m */ = {isa = PBXFileReference; fileEncoding = 4; lastKnownFileType = sourcecode.c.objc; path = BaseViewController.m; sourceTree = "<group>"; };
		FFE85F2019CABB9300A216BB /* QSCrazyQGView.h */ = {isa = PBXFileReference; fileEncoding = 4; lastKnownFileType = sourcecode.c.h; path = QSCrazyQGView.h; sourceTree = "<group>"; };
		FFE85F2119CABB9300A216BB /* QSCrazyQGView.m */ = {isa = PBXFileReference; fileEncoding = 4; lastKnownFileType = sourcecode.c.objc; path = QSCrazyQGView.m; sourceTree = "<group>"; };
		FFE85F2319CABB9300A216BB /* QSFirstView.h */ = {isa = PBXFileReference; fileEncoding = 4; lastKnownFileType = sourcecode.c.h; path = QSFirstView.h; sourceTree = "<group>"; };
		FFE85F2419CABB9300A216BB /* QSFirstView.m */ = {isa = PBXFileReference; fileEncoding = 4; lastKnownFileType = sourcecode.c.objc; path = QSFirstView.m; sourceTree = "<group>"; };
		FFE85F2619CABB9300A216BB /* QSSearchView.h */ = {isa = PBXFileReference; fileEncoding = 4; lastKnownFileType = sourcecode.c.h; path = QSSearchView.h; sourceTree = "<group>"; };
		FFE85F2719CABB9300A216BB /* QSSearchView.m */ = {isa = PBXFileReference; fileEncoding = 4; lastKnownFileType = sourcecode.c.objc; path = QSSearchView.m; sourceTree = "<group>"; };
		FFE85F2919CABB9300A216BB /* QSSettingView.h */ = {isa = PBXFileReference; fileEncoding = 4; lastKnownFileType = sourcecode.c.h; path = QSSettingView.h; sourceTree = "<group>"; };
		FFE85F2A19CABB9300A216BB /* QSSettingView.m */ = {isa = PBXFileReference; fileEncoding = 4; lastKnownFileType = sourcecode.c.objc; path = QSSettingView.m; sourceTree = "<group>"; };
		FFE85F3019CABBAE00A216BB /* FBKVOController.h */ = {isa = PBXFileReference; fileEncoding = 4; lastKnownFileType = sourcecode.c.h; path = FBKVOController.h; sourceTree = "<group>"; };
		FFE85F3119CABBAE00A216BB /* FBKVOController.m */ = {isa = PBXFileReference; fileEncoding = 4; lastKnownFileType = sourcecode.c.objc; path = FBKVOController.m; sourceTree = "<group>"; };
		FFE85F3219CABBAE00A216BB /* NSData+Base64.h */ = {isa = PBXFileReference; fileEncoding = 4; lastKnownFileType = sourcecode.c.h; path = "NSData+Base64.h"; sourceTree = "<group>"; };
		FFE85F3319CABBAE00A216BB /* NSData+Base64.m */ = {isa = PBXFileReference; fileEncoding = 4; lastKnownFileType = sourcecode.c.objc; path = "NSData+Base64.m"; sourceTree = "<group>"; };
		FFE85F3619CABCB300A216BB /* AppDelegate.h */ = {isa = PBXFileReference; fileEncoding = 4; lastKnownFileType = sourcecode.c.h; path = AppDelegate.h; sourceTree = "<group>"; };
		FFE85F3719CABCB300A216BB /* AppDelegate.m */ = {isa = PBXFileReference; fileEncoding = 4; lastKnownFileType = sourcecode.c.objc; path = AppDelegate.m; sourceTree = "<group>"; };
		FFE85F3919CAC22300A216BB /* QuartzCore.framework */ = {isa = PBXFileReference; lastKnownFileType = wrapper.framework; name = QuartzCore.framework; path = System/Library/Frameworks/QuartzCore.framework; sourceTree = SDKROOT; };
		FFE85F3B19CAC22C00A216BB /* Accelerate.framework */ = {isa = PBXFileReference; lastKnownFileType = wrapper.framework; name = Accelerate.framework; path = System/Library/Frameworks/Accelerate.framework; sourceTree = SDKROOT; };
		FFE85F4119CAC84400A216BB /* UIImage+ImageEffects.h */ = {isa = PBXFileReference; fileEncoding = 4; lastKnownFileType = sourcecode.c.h; path = "UIImage+ImageEffects.h"; sourceTree = "<group>"; };
		FFE85F4219CAC84400A216BB /* UIImage+ImageEffects.m */ = {isa = PBXFileReference; fileEncoding = 4; lastKnownFileType = sourcecode.c.objc; path = "UIImage+ImageEffects.m"; sourceTree = "<group>"; };
		FFE85F4419CACDEF00A216BB /* sdk.png */ = {isa = PBXFileReference; lastKnownFileType = image.png; name = sdk.png; path = Quansoso/sdk.png; sourceTree = "<group>"; };
		FFE85F4519CACDEF00A216BB /* yw_1222.jpg */ = {isa = PBXFileReference; lastKnownFileType = image.jpeg; name = yw_1222.jpg; path = Quansoso/yw_1222.jpg; sourceTree = "<group>"; };
		FFE85F4B19CACEBD00A216BB /* Tae.bundle */ = {isa = PBXFileReference; lastKnownFileType = "wrapper.plug-in"; path = Tae.bundle; sourceTree = "<group>"; };
		FFE85F4D19CACEC200A216BB /* AlipaySDK.bundle */ = {isa = PBXFileReference; lastKnownFileType = "wrapper.plug-in"; path = AlipaySDK.bundle; sourceTree = "<group>"; };
		FFE85F5119CACF9200A216BB /* TAESDK.framework */ = {isa = PBXFileReference; lastKnownFileType = wrapper.framework; name = TAESDK.framework; path = Quansoso/TAESDK.framework; sourceTree = "<group>"; };
		FFE85F5319CAD2A200A216BB /* CoreGraphics.framework */ = {isa = PBXFileReference; lastKnownFileType = wrapper.framework; name = CoreGraphics.framework; path = System/Library/Frameworks/CoreGraphics.framework; sourceTree = SDKROOT; };
		FFE85F5519CAD2B800A216BB /* Foundation.framework */ = {isa = PBXFileReference; lastKnownFileType = wrapper.framework; name = Foundation.framework; path = System/Library/Frameworks/Foundation.framework; sourceTree = SDKROOT; };
		FFE85F5719CAD2BE00A216BB /* UIKit.framework */ = {isa = PBXFileReference; lastKnownFileType = wrapper.framework; name = UIKit.framework; path = System/Library/Frameworks/UIKit.framework; sourceTree = SDKROOT; };
		FFEF4ED919C58882009E6E84 /* Security.framework */ = {isa = PBXFileReference; lastKnownFileType = wrapper.framework; name = Security.framework; path = System/Library/Frameworks/Security.framework; sourceTree = SDKROOT; };
		FFEF4EDB19C58896009E6E84 /* CoreTelephony.framework */ = {isa = PBXFileReference; lastKnownFileType = wrapper.framework; name = CoreTelephony.framework; path = System/Library/Frameworks/CoreTelephony.framework; sourceTree = SDKROOT; };
		FFEF4EDD19C588A2009E6E84 /* SystemConfiguration.framework */ = {isa = PBXFileReference; lastKnownFileType = wrapper.framework; name = SystemConfiguration.framework; path = System/Library/Frameworks/SystemConfiguration.framework; sourceTree = SDKROOT; };
		FFEF4EDF19C588B1009E6E84 /* CoreLocation.framework */ = {isa = PBXFileReference; lastKnownFileType = wrapper.framework; name = CoreLocation.framework; path = System/Library/Frameworks/CoreLocation.framework; sourceTree = SDKROOT; };
		FFEF4EE119C588C7009E6E84 /* libz.dylib */ = {isa = PBXFileReference; lastKnownFileType = "compiled.mach-o.dylib"; name = libz.dylib; path = usr/lib/libz.dylib; sourceTree = SDKROOT; };
		FFEF4EE319C588E7009E6E84 /* CFNetwork.framework */ = {isa = PBXFileReference; lastKnownFileType = wrapper.framework; name = CFNetwork.framework; path = System/Library/Frameworks/CFNetwork.framework; sourceTree = SDKROOT; };
/* End PBXFileReference section */

/* Begin PBXFrameworksBuildPhase section */
		FF8A928C19C433B80010439B /* Frameworks */ = {
			isa = PBXFrameworksBuildPhase;
			buildActionMask = 2147483647;
			files = (
				FFE85F5819CAD2BE00A216BB /* UIKit.framework in Frameworks */,
				FFE85F5619CAD2B800A216BB /* Foundation.framework in Frameworks */,
				FFE85F5419CAD2A200A216BB /* CoreGraphics.framework in Frameworks */,
				FFE85F3C19CAC22C00A216BB /* Accelerate.framework in Frameworks */,
				FFE85F5219CACF9300A216BB /* TAESDK.framework in Frameworks */,
				FFE85F3A19CAC22300A216BB /* QuartzCore.framework in Frameworks */,
				FFEF4EE419C588E7009E6E84 /* CFNetwork.framework in Frameworks */,
				FFEF4EE219C588C7009E6E84 /* libz.dylib in Frameworks */,
				FFEF4EE019C588B1009E6E84 /* CoreLocation.framework in Frameworks */,
				FFEF4EDE19C588A2009E6E84 /* SystemConfiguration.framework in Frameworks */,
				FFEF4EDC19C58896009E6E84 /* CoreTelephony.framework in Frameworks */,
				FFEF4EDA19C58882009E6E84 /* Security.framework in Frameworks */,
			);
			runOnlyForDeploymentPostprocessing = 0;
		};
		FF8A929F19C433B80010439B /* Frameworks */ = {
			isa = PBXFrameworksBuildPhase;
			buildActionMask = 2147483647;
			files = (
			);
			runOnlyForDeploymentPostprocessing = 0;
		};
/* End PBXFrameworksBuildPhase section */

/* Begin PBXGroup section */
		B02E0BB819CA842C009A0306 /* Model */ = {
			isa = PBXGroup;
			children = (
				B02E0BD019CADAAB009A0306 /* SearchInfo.h */,
				B02E0BD119CADAAB009A0306 /* SearchInfo.m */,
				B02E0BBE19CA8FDD009A0306 /* TimeLimitCarzy.h */,
				B02E0BBF19CA8FDD009A0306 /* TimeLimitCarzy.m */,
				B02E0BC319CA8FEE009A0306 /* CarzyList.h */,
				B02E0BC419CA8FEE009A0306 /* CarzyList.m */,
				B02E0BCC19CADAAB009A0306 /* Result.h */,
				B02E0BCD19CADAAB009A0306 /* Result.m */,
				B02E0BCE19CADAAB009A0306 /* ResultCard.h */,
				B02E0BCF19CADAAB009A0306 /* ResultCard.m */,
				B02E0BC819CA8FFC009A0306 /* MerchantCard.h */,
				B02E0BC919CA8FFC009A0306 /* MerchantCard.m */,
				B02E0BC619CA8FFC009A0306 /* Merchant.h */,
				B02E0BC719CA8FFC009A0306 /* Merchant.m */,
				B02E0BB919CA8FDD009A0306 /* Card.h */,
				B02E0BBA19CA8FDD009A0306 /* Card.m */,
				B02E0BBB19CA8FDD009A0306 /* CardCarzy.h */,
				B02E0BBC19CA8FDD009A0306 /* CardCarzy.m */,
				B02E0BBD19CA8FDD009A0306 /* DataModels.h */,
			);
			name = Model;
			sourceTree = "<group>";
		};
		FF8A928619C433B80010439B = {
			isa = PBXGroup;
			children = (
				FFE85F5719CAD2BE00A216BB /* UIKit.framework */,
				FFE85F5519CAD2B800A216BB /* Foundation.framework */,
				FFE85F5319CAD2A200A216BB /* CoreGraphics.framework */,
				FFE85F5119CACF9200A216BB /* TAESDK.framework */,
				FFE85F4D19CACEC200A216BB /* AlipaySDK.bundle */,
				FFE85F4B19CACEBD00A216BB /* Tae.bundle */,
				FFE85F4419CACDEF00A216BB /* sdk.png */,
				FFE85F4519CACDEF00A216BB /* yw_1222.jpg */,
				FF8A929119C433B80010439B /* Quansoso */,
				FF8A92A519C433B80010439B /* QuansosoTests */,
				FF8A929019C433B80010439B /* Products */,
			);
			sourceTree = "<group>";
		};
		FF8A929019C433B80010439B /* Products */ = {
			isa = PBXGroup;
			children = (
				FF8A928F19C433B80010439B /* Quansoso.app */,
				FF8A92A219C433B80010439B /* QuansosoTests.xctest */,
			);
			name = Products;
			sourceTree = "<group>";
		};
		FF8A929119C433B80010439B /* Quansoso */ = {
			isa = PBXGroup;
			children = (
				FFE85F1119CABAD300A216BB /* UIParty */,
				B02E0BB819CA842C009A0306 /* Model */,
				FFBA9E7819C680BE00D9CBA2 /* ThirdParty */,
				FFE85F1C19CABB1300A216BB /* BaseViewController.h */,
				FFE85F1D19CABB1300A216BB /* BaseViewController.m */,
				FFE85F3619CABCB300A216BB /* AppDelegate.h */,
				FFE85F3719CABCB300A216BB /* AppDelegate.m */,
				FF8A929919C433B80010439B /* Images.xcassets */,
				FF8A929B19C433B80010439B /* LaunchScreen.xib */,
				FF8A929219C433B80010439B /* Supporting Files */,
			);
			path = Quansoso;
			sourceTree = "<group>";
		};
		FF8A929219C433B80010439B /* Supporting Files */ = {
			isa = PBXGroup;
			children = (
				FF8A929319C433B80010439B /* Info.plist */,
				FF8A929419C433B80010439B /* main.m */,
				FF8A92B219C434370010439B /* QSS-Prefix.pch */,
				FF8A92B419C435AD0010439B /* QSS_Public.h */,
				FFE85F3B19CAC22C00A216BB /* Accelerate.framework */,
				FFE85F3919CAC22300A216BB /* QuartzCore.framework */,
				FFEF4EE319C588E7009E6E84 /* CFNetwork.framework */,
				FFEF4EE119C588C7009E6E84 /* libz.dylib */,
				FFEF4EDF19C588B1009E6E84 /* CoreLocation.framework */,
				FFEF4EDD19C588A2009E6E84 /* SystemConfiguration.framework */,
				FFEF4EDB19C58896009E6E84 /* CoreTelephony.framework */,
				FFEF4ED919C58882009E6E84 /* Security.framework */,
			);
			name = "Supporting Files";
			sourceTree = "<group>";
		};
		FF8A92A519C433B80010439B /* QuansosoTests */ = {
			isa = PBXGroup;
			children = (
				FF8A92A819C433B80010439B /* QuansosoTests.m */,
				FF8A92A619C433B80010439B /* Supporting Files */,
			);
			path = QuansosoTests;
			sourceTree = "<group>";
		};
		FF8A92A619C433B80010439B /* Supporting Files */ = {
			isa = PBXGroup;
			children = (
				FF8A92A719C433B80010439B /* Info.plist */,
			);
			name = "Supporting Files";
			sourceTree = "<group>";
		};
		FFBA9E7819C680BE00D9CBA2 /* ThirdParty */ = {
			isa = PBXGroup;
			children = (
				FFE85F4019CAC84400A216BB /* UIImageEffects */,
				FFE85F2F19CABBAE00A216BB /* FBKVOController */,
				FFBA9EBB19C688F200D9CBA2 /* SDWebImage */,
				FFBA9EAC19C6812500D9CBA2 /* SVPullToRefresh */,
				FFBA9EA519C6811400D9CBA2 /* ThreadSafeDict */,
				FFBA9EA119C6810100D9CBA2 /* UIViewAdditions */,
				FFBA9E9D19C680E100D9CBA2 /* JSONKit */,
				FFBA9E7919C680C800D9CBA2 /* AFNetworking */,
			);
			path = ThirdParty;
			sourceTree = "<group>";
		};
		FFBA9E7919C680C800D9CBA2 /* AFNetworking */ = {
			isa = PBXGroup;
			children = (
				FFBA9E7A19C680C800D9CBA2 /* AFHTTPClient.h */,
				FFBA9E7B19C680C800D9CBA2 /* AFHTTPClient.m */,
				FFBA9E7C19C680C800D9CBA2 /* AFHTTPRequestOperation.h */,
				FFBA9E7D19C680C800D9CBA2 /* AFHTTPRequestOperation.m */,
				FFBA9E7E19C680C800D9CBA2 /* AFImageRequestOperation.h */,
				FFBA9E7F19C680C800D9CBA2 /* AFImageRequestOperation.m */,
				FFBA9E8019C680C800D9CBA2 /* AFJSONRequestOperation.h */,
				FFBA9E8119C680C800D9CBA2 /* AFJSONRequestOperation.m */,
				FFBA9E8219C680C800D9CBA2 /* AFNetworkActivityIndicatorManager.h */,
				FFBA9E8319C680C800D9CBA2 /* AFNetworkActivityIndicatorManager.m */,
				FFBA9E8419C680C800D9CBA2 /* AFNetworking.h */,
				FFBA9E8519C680C800D9CBA2 /* AFPropertyListRequestOperation.h */,
				FFBA9E8619C680C800D9CBA2 /* AFPropertyListRequestOperation.m */,
				FFBA9E8719C680C800D9CBA2 /* AFURLConnectionOperation.h */,
				FFBA9E8819C680C800D9CBA2 /* AFURLConnectionOperation.m */,
				FFBA9E8919C680C800D9CBA2 /* AFXMLRequestOperation.h */,
				FFBA9E8A19C680C800D9CBA2 /* AFXMLRequestOperation.m */,
				FFBA9E8B19C680C800D9CBA2 /* NetManager */,
				FFBA9E9019C680C800D9CBA2 /* UIImageView+AFNetworking.h */,
				FFBA9E9119C680C800D9CBA2 /* UIImageView+AFNetworking.m */,
			);
			path = AFNetworking;
			sourceTree = "<group>";
		};
		FFBA9E8B19C680C800D9CBA2 /* NetManager */ = {
			isa = PBXGroup;
			children = (
				FFBA9E8C19C680C800D9CBA2 /* MyHttpClient.h */,
				FFBA9E8D19C680C800D9CBA2 /* MyHttpClient.m */,
				FFBA9E8E19C680C800D9CBA2 /* NetManager.h */,
				FFBA9E8F19C680C800D9CBA2 /* NetManager.m */,
			);
			path = NetManager;
			sourceTree = "<group>";
		};
		FFBA9E9D19C680E100D9CBA2 /* JSONKit */ = {
			isa = PBXGroup;
			children = (
				FFBA9E9E19C680E100D9CBA2 /* JSONKit.h */,
				FFBA9E9F19C680E100D9CBA2 /* JSONKit.m */,
			);
			path = JSONKit;
			sourceTree = "<group>";
		};
		FFBA9EA119C6810100D9CBA2 /* UIViewAdditions */ = {
			isa = PBXGroup;
			children = (
				FFBA9EA219C6810100D9CBA2 /* UIViewAdditions.h */,
				FFBA9EA319C6810100D9CBA2 /* UIViewAdditions.m */,
			);
			path = UIViewAdditions;
			sourceTree = "<group>";
		};
		FFBA9EA519C6811400D9CBA2 /* ThreadSafeDict */ = {
			isa = PBXGroup;
			children = (
				FFBA9EA619C6811400D9CBA2 /* ThreadSafeMutableArry.h */,
				FFBA9EA719C6811400D9CBA2 /* ThreadSafeMutableArry.m */,
				FFBA9EA819C6811400D9CBA2 /* ThreadSafeMutableDictionary.h */,
				FFBA9EA919C6811400D9CBA2 /* ThreadSafeMutableDictionary.m */,
			);
			path = ThreadSafeDict;
			sourceTree = "<group>";
		};
		FFBA9EAC19C6812500D9CBA2 /* SVPullToRefresh */ = {
			isa = PBXGroup;
			children = (
				FFBA9EAD19C6812500D9CBA2 /* DataOC */,
				FFBA9EB219C6812500D9CBA2 /* SVPullToRefresh.h */,
				FFBA9EB319C6812500D9CBA2 /* UIScrollView+SVInfiniteScrolling.h */,
				FFBA9EB419C6812500D9CBA2 /* UIScrollView+SVInfiniteScrolling.m */,
				FFBA9EB519C6812500D9CBA2 /* UIScrollView+SVPullToRefresh.h */,
				FFBA9EB619C6812500D9CBA2 /* UIScrollView+SVPullToRefresh.m */,
			);
			path = SVPullToRefresh;
			sourceTree = "<group>";
		};
		FFBA9EAD19C6812500D9CBA2 /* DataOC */ = {
			isa = PBXGroup;
			children = (
				FFBA9EAE19C6812500D9CBA2 /* DataCenterDeal.h */,
				FFBA9EAF19C6812500D9CBA2 /* DataCenterDeal.mm */,
				FFBA9EB019C6812500D9CBA2 /* DataOC.h */,
				FFBA9EB119C6812500D9CBA2 /* DataOC.mm */,
			);
			path = DataOC;
			sourceTree = "<group>";
		};
		FFBA9EBB19C688F200D9CBA2 /* SDWebImage */ = {
			isa = PBXGroup;
			children = (
				FFBA9EBC19C688F200D9CBA2 /* MKAnnotationView+WebCache.h */,
				FFBA9EBD19C688F200D9CBA2 /* MKAnnotationView+WebCache.m */,
				FFBA9EBE19C688F200D9CBA2 /* NSData+ImageContentType.h */,
				FFBA9EBF19C688F200D9CBA2 /* NSData+ImageContentType.m */,
				FFBA9EC019C688F200D9CBA2 /* SDImageCache.h */,
				FFBA9EC119C688F200D9CBA2 /* SDImageCache.m */,
				FFBA9EC219C688F200D9CBA2 /* SDWebImageCompat.h */,
				FFBA9EC319C688F200D9CBA2 /* SDWebImageCompat.m */,
				FFBA9EC419C688F200D9CBA2 /* SDWebImageDecoder.h */,
				FFBA9EC519C688F200D9CBA2 /* SDWebImageDecoder.m */,
				FFBA9EC619C688F200D9CBA2 /* SDWebImageDownloader.h */,
				FFBA9EC719C688F200D9CBA2 /* SDWebImageDownloader.m */,
				FFBA9EC819C688F200D9CBA2 /* SDWebImageDownloaderOperation.h */,
				FFBA9EC919C688F200D9CBA2 /* SDWebImageDownloaderOperation.m */,
				FFBA9ECA19C688F200D9CBA2 /* SDWebImageManager.h */,
				FFBA9ECB19C688F200D9CBA2 /* SDWebImageManager.m */,
				FFBA9ECC19C688F200D9CBA2 /* SDWebImageOperation.h */,
				FFBA9ECD19C688F200D9CBA2 /* SDWebImagePrefetcher.h */,
				FFBA9ECE19C688F200D9CBA2 /* SDWebImagePrefetcher.m */,
				FFBA9ECF19C688F200D9CBA2 /* UIButton+WebCache.h */,
				FFBA9ED019C688F200D9CBA2 /* UIButton+WebCache.m */,
				FFBA9ED119C688F200D9CBA2 /* UIImage+GIF.h */,
				FFBA9ED219C688F200D9CBA2 /* UIImage+GIF.m */,
				FFBA9ED319C688F200D9CBA2 /* UIImage+MultiFormat.h */,
				FFBA9ED419C688F200D9CBA2 /* UIImage+MultiFormat.m */,
				FFBA9ED719C688F200D9CBA2 /* UIImageView+HighlightedWebCache.h */,
				FFBA9ED819C688F200D9CBA2 /* UIImageView+HighlightedWebCache.m */,
				FFBA9ED919C688F200D9CBA2 /* UIImageView+WebCache.h */,
				FFBA9EDA19C688F200D9CBA2 /* UIImageView+WebCache.m */,
				FFBA9EDB19C688F200D9CBA2 /* UIView+WebCacheOperation.h */,
				FFBA9EDC19C688F200D9CBA2 /* UIView+WebCacheOperation.m */,
			);
			path = SDWebImage;
			sourceTree = "<group>";
		};
		FFE85F1119CABAD300A216BB /* UIParty */ = {
			isa = PBXGroup;
			children = (
				FFE85F1F19CABB9300A216BB /* CrazyQGView */,
				FFE85F2219CABB9300A216BB /* FirstView */,
				FFE85F2519CABB9300A216BB /* SearchView */,
				FFE85F2819CABB9300A216BB /* SettingView */,
				FFE85F1219CABAF100A216BB /* Rootviewcontroller */,
			);
			name = UIParty;
			sourceTree = "<group>";
		};
		FFE85F1219CABAF100A216BB /* Rootviewcontroller */ = {
			isa = PBXGroup;
			children = (
				FFE85F1319CABAF100A216BB /* QSRootLeftView.h */,
				FFE85F1419CABAF100A216BB /* QSRootLeftView.m */,
				FFE85F1519CABAF100A216BB /* QSRootViewController.h */,
				FFE85F1619CABAF100A216BB /* QSRootViewController.m */,
				FFE85F1719CABAF100A216BB /* ViewInteraction.h */,
				FFE85F1819CABAF100A216BB /* ViewInteraction.m */,
			);
			path = Rootviewcontroller;
			sourceTree = "<group>";
		};
		FFE85F1F19CABB9300A216BB /* CrazyQGView */ = {
			isa = PBXGroup;
			children = (
				FFE85F2019CABB9300A216BB /* QSCrazyQGView.h */,
				FFE85F2119CABB9300A216BB /* QSCrazyQGView.m */,
			);
			path = CrazyQGView;
			sourceTree = "<group>";
		};
		FFE85F2219CABB9300A216BB /* FirstView */ = {
			isa = PBXGroup;
			children = (
				FFE85F2319CABB9300A216BB /* QSFirstView.h */,
				FFE85F2419CABB9300A216BB /* QSFirstView.m */,
			);
			path = FirstView;
			sourceTree = "<group>";
		};
		FFE85F2519CABB9300A216BB /* SearchView */ = {
			isa = PBXGroup;
			children = (
				FFE85F2619CABB9300A216BB /* QSSearchView.h */,
				FFE85F2719CABB9300A216BB /* QSSearchView.m */,
			);
			path = SearchView;
			sourceTree = "<group>";
		};
		FFE85F2819CABB9300A216BB /* SettingView */ = {
			isa = PBXGroup;
			children = (
				FFE85F2919CABB9300A216BB /* QSSettingView.h */,
				FFE85F2A19CABB9300A216BB /* QSSettingView.m */,
			);
			path = SettingView;
			sourceTree = "<group>";
		};
		FFE85F2F19CABBAE00A216BB /* FBKVOController */ = {
			isa = PBXGroup;
			children = (
				FFE85F3019CABBAE00A216BB /* FBKVOController.h */,
				FFE85F3119CABBAE00A216BB /* FBKVOController.m */,
				FFE85F3219CABBAE00A216BB /* NSData+Base64.h */,
				FFE85F3319CABBAE00A216BB /* NSData+Base64.m */,
			);
			path = FBKVOController;
			sourceTree = "<group>";
		};
		FFE85F4019CAC84400A216BB /* UIImageEffects */ = {
			isa = PBXGroup;
			children = (
				FFE85F4119CAC84400A216BB /* UIImage+ImageEffects.h */,
				FFE85F4219CAC84400A216BB /* UIImage+ImageEffects.m */,
			);
			path = UIImageEffects;
			sourceTree = "<group>";
		};
/* End PBXGroup section */

/* Begin PBXNativeTarget section */
		FF8A928E19C433B80010439B /* Quansoso */ = {
			isa = PBXNativeTarget;
			buildConfigurationList = FF8A92AC19C433B80010439B /* Build configuration list for PBXNativeTarget "Quansoso" */;
			buildPhases = (
				FF8A928B19C433B80010439B /* Sources */,
				FF8A928C19C433B80010439B /* Frameworks */,
				FF8A928D19C433B80010439B /* Resources */,
			);
			buildRules = (
			);
			dependencies = (
			);
			name = Quansoso;
			productName = Quansoso;
			productReference = FF8A928F19C433B80010439B /* Quansoso.app */;
			productType = "com.apple.product-type.application";
		};
		FF8A92A119C433B80010439B /* QuansosoTests */ = {
			isa = PBXNativeTarget;
			buildConfigurationList = FF8A92AF19C433B80010439B /* Build configuration list for PBXNativeTarget "QuansosoTests" */;
			buildPhases = (
				FF8A929E19C433B80010439B /* Sources */,
				FF8A929F19C433B80010439B /* Frameworks */,
				FF8A92A019C433B80010439B /* Resources */,
			);
			buildRules = (
			);
			dependencies = (
				FF8A92A419C433B80010439B /* PBXTargetDependency */,
			);
			name = QuansosoTests;
			productName = QuansosoTests;
			productReference = FF8A92A219C433B80010439B /* QuansosoTests.xctest */;
			productType = "com.apple.product-type.bundle.unit-test";
		};
/* End PBXNativeTarget section */

/* Begin PBXProject section */
		FF8A928719C433B80010439B /* Project object */ = {
			isa = PBXProject;
			attributes = {
				LastUpgradeCheck = 0600;
				ORGANIZATIONNAME = taobao;
				TargetAttributes = {
					FF8A928E19C433B80010439B = {
						CreatedOnToolsVersion = 6.0;
					};
					FF8A92A119C433B80010439B = {
						CreatedOnToolsVersion = 6.0;
						TestTargetID = FF8A928E19C433B80010439B;
					};
				};
			};
			buildConfigurationList = FF8A928A19C433B80010439B /* Build configuration list for PBXProject "Quansoso" */;
			compatibilityVersion = "Xcode 3.2";
			developmentRegion = English;
			hasScannedForEncodings = 0;
			knownRegions = (
				en,
				Base,
			);
			mainGroup = FF8A928619C433B80010439B;
			productRefGroup = FF8A929019C433B80010439B /* Products */;
			projectDirPath = "";
			projectRoot = "";
			targets = (
				FF8A928E19C433B80010439B /* Quansoso */,
				FF8A92A119C433B80010439B /* QuansosoTests */,
			);
		};
/* End PBXProject section */

/* Begin PBXResourcesBuildPhase section */
		FF8A928D19C433B80010439B /* Resources */ = {
			isa = PBXResourcesBuildPhase;
			buildActionMask = 2147483647;
			files = (
				FFE85F4E19CACEC200A216BB /* AlipaySDK.bundle in Resources */,
				FF8A929A19C433B80010439B /* Images.xcassets in Resources */,
				FFE85F4719CACDEF00A216BB /* yw_1222.jpg in Resources */,
				FFE85F4C19CACEBD00A216BB /* Tae.bundle in Resources */,
				FFE85F4619CACDEF00A216BB /* sdk.png in Resources */,
			);
			runOnlyForDeploymentPostprocessing = 0;
		};
		FF8A92A019C433B80010439B /* Resources */ = {
			isa = PBXResourcesBuildPhase;
			buildActionMask = 2147483647;
			files = (
			);
			runOnlyForDeploymentPostprocessing = 0;
		};
/* End PBXResourcesBuildPhase section */

/* Begin PBXSourcesBuildPhase section */
		FF8A928B19C433B80010439B /* Sources */ = {
			isa = PBXSourcesBuildPhase;
			buildActionMask = 2147483647;
			files = (
				FFE85F2D19CABB9300A216BB /* QSSearchView.m in Sources */,
				FFBA9EE119C688F200D9CBA2 /* SDWebImageDecoder.m in Sources */,
				FFBA9E9319C680C800D9CBA2 /* AFHTTPRequestOperation.m in Sources */,
				FFE85F1919CABAF100A216BB /* QSRootLeftView.m in Sources */,
				FFBA9EDD19C688F200D9CBA2 /* MKAnnotationView+WebCache.m in Sources */,
				FFBA9EAA19C6811400D9CBA2 /* ThreadSafeMutableArry.m in Sources */,
				FFBA9EB719C6812500D9CBA2 /* DataCenterDeal.mm in Sources */,
				FFBA9E9C19C680C800D9CBA2 /* UIImageView+AFNetworking.m in Sources */,
				FFE85F4319CAC84400A216BB /* UIImage+ImageEffects.m in Sources */,
				B02E0BD419CADAAB009A0306 /* SearchInfo.m in Sources */,
				FFBA9EB919C6812500D9CBA2 /* UIScrollView+SVInfiniteScrolling.m in Sources */,
				FFBA9E9B19C680C800D9CBA2 /* NetManager.m in Sources */,
				FFBA9EE019C688F200D9CBA2 /* SDWebImageCompat.m in Sources */,
				FFBA9EDF19C688F200D9CBA2 /* SDImageCache.m in Sources */,
				FFBA9EE819C688F200D9CBA2 /* UIImage+MultiFormat.m in Sources */,
				FFE85F2B19CABB9300A216BB /* QSCrazyQGView.m in Sources */,
				FFBA9EE719C688F200D9CBA2 /* UIImage+GIF.m in Sources */,
				FFBA9EE219C688F200D9CBA2 /* SDWebImageDownloader.m in Sources */,
				FFE85F2C19CABB9300A216BB /* QSFirstView.m in Sources */,
				FFBA9E9419C680C800D9CBA2 /* AFImageRequestOperation.m in Sources */,
				FFBA9EEB19C688F200D9CBA2 /* UIImageView+WebCache.m in Sources */,
				FFBA9EE619C688F200D9CBA2 /* UIButton+WebCache.m in Sources */,
				FFE85F3819CABCB300A216BB /* AppDelegate.m in Sources */,
				B02E0BCA19CA8FFC009A0306 /* Merchant.m in Sources */,
				B02E0BD319CADAAB009A0306 /* ResultCard.m in Sources */,
				FFBA9E9719C680C800D9CBA2 /* AFPropertyListRequestOperation.m in Sources */,
				FFE85F1B19CABAF100A216BB /* ViewInteraction.m in Sources */,
				FFBA9E9519C680C800D9CBA2 /* AFJSONRequestOperation.m in Sources */,
				B02E0BCB19CA8FFC009A0306 /* MerchantCard.m in Sources */,
				FFBA9E9819C680C800D9CBA2 /* AFURLConnectionOperation.m in Sources */,
				FFBA9E9A19C680C800D9CBA2 /* MyHttpClient.m in Sources */,
				B02E0BC119CA8FDD009A0306 /* CardCarzy.m in Sources */,
				FFBA9E9919C680C800D9CBA2 /* AFXMLRequestOperation.m in Sources */,
				FFBA9EE319C688F200D9CBA2 /* SDWebImageDownloaderOperation.m in Sources */,
				FF8A929519C433B80010439B /* main.m in Sources */,
				FFBA9EA419C6810100D9CBA2 /* UIViewAdditions.m in Sources */,
				FFBA9EE519C688F200D9CBA2 /* SDWebImagePrefetcher.m in Sources */,
				FFBA9EE419C688F200D9CBA2 /* SDWebImageManager.m in Sources */,
				FFBA9EDE19C688F200D9CBA2 /* NSData+ImageContentType.m in Sources */,
				B02E0BC219CA8FDD009A0306 /* TimeLimitCarzy.m in Sources */,
				FFE85F3519CABBAE00A216BB /* NSData+Base64.m in Sources */,
				FFBA9EAB19C6811400D9CBA2 /* ThreadSafeMutableDictionary.m in Sources */,
				FFBA9EB819C6812500D9CBA2 /* DataOC.mm in Sources */,
				FFBA9EBA19C6812500D9CBA2 /* UIScrollView+SVPullToRefresh.m in Sources */,
				B02E0BD219CADAAB009A0306 /* Result.m in Sources */,
				FFBA9E9619C680C800D9CBA2 /* AFNetworkActivityIndicatorManager.m in Sources */,
				B02E0BC019CA8FDD009A0306 /* Card.m in Sources */,
				B02E0BC519CA8FEE009A0306 /* CarzyList.m in Sources */,
				FFBA9EA019C680E100D9CBA2 /* JSONKit.m in Sources */,
				FFE85F1A19CABAF100A216BB /* QSRootViewController.m in Sources */,
				FFE85F2E19CABB9300A216BB /* QSSettingView.m in Sources */,
				FFE85F3419CABBAE00A216BB /* FBKVOController.m in Sources */,
				FFBA9EEC19C688F200D9CBA2 /* UIView+WebCacheOperation.m in Sources */,
				FFBA9EEA19C688F200D9CBA2 /* UIImageView+HighlightedWebCache.m in Sources */,
				FFBA9E9219C680C800D9CBA2 /* AFHTTPClient.m in Sources */,
				FFE85F1E19CABB1300A216BB /* BaseViewController.m in Sources */,
			);
			runOnlyForDeploymentPostprocessing = 0;
		};
		FF8A929E19C433B80010439B /* Sources */ = {
			isa = PBXSourcesBuildPhase;
			buildActionMask = 2147483647;
			files = (
				FF8A92A919C433B80010439B /* QuansosoTests.m in Sources */,
			);
			runOnlyForDeploymentPostprocessing = 0;
		};
/* End PBXSourcesBuildPhase section */

/* Begin PBXTargetDependency section */
		FF8A92A419C433B80010439B /* PBXTargetDependency */ = {
			isa = PBXTargetDependency;
			target = FF8A928E19C433B80010439B /* Quansoso */;
			targetProxy = FF8A92A319C433B80010439B /* PBXContainerItemProxy */;
		};
/* End PBXTargetDependency section */

/* Begin PBXVariantGroup section */
		FF8A929B19C433B80010439B /* LaunchScreen.xib */ = {
			isa = PBXVariantGroup;
			children = (
				FF8A929C19C433B80010439B /* Base */,
			);
			name = LaunchScreen.xib;
			sourceTree = "<group>";
		};
/* End PBXVariantGroup section */

/* Begin XCBuildConfiguration section */
		FF8A92AA19C433B80010439B /* Debug */ = {
			isa = XCBuildConfiguration;
			buildSettings = {
				ALWAYS_SEARCH_USER_PATHS = NO;
				CLANG_CXX_LANGUAGE_STANDARD = "gnu++0x";
				CLANG_CXX_LIBRARY = "libc++";
				CLANG_ENABLE_MODULES = YES;
				CLANG_ENABLE_OBJC_ARC = YES;
				CLANG_WARN_BOOL_CONVERSION = YES;
				CLANG_WARN_CONSTANT_CONVERSION = YES;
				CLANG_WARN_DIRECT_OBJC_ISA_USAGE = YES_ERROR;
				CLANG_WARN_EMPTY_BODY = YES;
				CLANG_WARN_ENUM_CONVERSION = YES;
				CLANG_WARN_INT_CONVERSION = YES;
				CLANG_WARN_OBJC_ROOT_CLASS = YES_ERROR;
				CLANG_WARN_UNREACHABLE_CODE = YES;
				CLANG_WARN__DUPLICATE_METHOD_MATCH = YES;
				"CODE_SIGN_IDENTITY[sdk=iphoneos*]" = "iPhone Developer";
				COPY_PHASE_STRIP = NO;
				ENABLE_STRICT_OBJC_MSGSEND = YES;
				GCC_C_LANGUAGE_STANDARD = gnu99;
				GCC_DYNAMIC_NO_PIC = NO;
				GCC_OPTIMIZATION_LEVEL = 0;
				GCC_PREPROCESSOR_DEFINITIONS = (
					"DEBUG=1",
					"$(inherited)",
				);
				GCC_SYMBOLS_PRIVATE_EXTERN = NO;
				GCC_WARN_64_TO_32_BIT_CONVERSION = YES;
				GCC_WARN_ABOUT_RETURN_TYPE = YES_ERROR;
				GCC_WARN_UNDECLARED_SELECTOR = YES;
				GCC_WARN_UNINITIALIZED_AUTOS = YES_AGGRESSIVE;
				GCC_WARN_UNUSED_FUNCTION = YES;
				GCC_WARN_UNUSED_VARIABLE = YES;
				IPHONEOS_DEPLOYMENT_TARGET = 6.0;
				MTL_ENABLE_DEBUG_INFO = YES;
				ONLY_ACTIVE_ARCH = YES;
				SDKROOT = iphoneos;
			};
			name = Debug;
		};
		FF8A92AB19C433B80010439B /* Release */ = {
			isa = XCBuildConfiguration;
			buildSettings = {
				ALWAYS_SEARCH_USER_PATHS = NO;
				CLANG_CXX_LANGUAGE_STANDARD = "gnu++0x";
				CLANG_CXX_LIBRARY = "libc++";
				CLANG_ENABLE_MODULES = YES;
				CLANG_ENABLE_OBJC_ARC = YES;
				CLANG_WARN_BOOL_CONVERSION = YES;
				CLANG_WARN_CONSTANT_CONVERSION = YES;
				CLANG_WARN_DIRECT_OBJC_ISA_USAGE = YES_ERROR;
				CLANG_WARN_EMPTY_BODY = YES;
				CLANG_WARN_ENUM_CONVERSION = YES;
				CLANG_WARN_INT_CONVERSION = YES;
				CLANG_WARN_OBJC_ROOT_CLASS = YES_ERROR;
				CLANG_WARN_UNREACHABLE_CODE = YES;
				CLANG_WARN__DUPLICATE_METHOD_MATCH = YES;
				"CODE_SIGN_IDENTITY[sdk=iphoneos*]" = "iPhone Developer";
				COPY_PHASE_STRIP = YES;
				ENABLE_NS_ASSERTIONS = NO;
				ENABLE_STRICT_OBJC_MSGSEND = YES;
				GCC_C_LANGUAGE_STANDARD = gnu99;
				GCC_WARN_64_TO_32_BIT_CONVERSION = YES;
				GCC_WARN_ABOUT_RETURN_TYPE = YES_ERROR;
				GCC_WARN_UNDECLARED_SELECTOR = YES;
				GCC_WARN_UNINITIALIZED_AUTOS = YES_AGGRESSIVE;
				GCC_WARN_UNUSED_FUNCTION = YES;
				GCC_WARN_UNUSED_VARIABLE = YES;
				IPHONEOS_DEPLOYMENT_TARGET = 6.0;
				MTL_ENABLE_DEBUG_INFO = NO;
				SDKROOT = iphoneos;
				VALIDATE_PRODUCT = YES;
			};
			name = Release;
		};
		FF8A92AD19C433B80010439B /* Debug */ = {
			isa = XCBuildConfiguration;
			buildSettings = {
				ARCHS = (
					"$(ARCHS_STANDARD)",
					ARCHS_STANDARD_32_BIT,
				);
				ASSETCATALOG_COMPILER_APPICON_NAME = AppIcon;
				ASSETCATALOG_COMPILER_LAUNCHIMAGE_NAME = LaunchImage;
				FRAMEWORK_SEARCH_PATHS = (
					"$(inherited)",
					"$(PROJECT_DIR)/TBSDK",
					"$(PROJECT_DIR)/Quansoso/TBSDK",
					"$(PROJECT_DIR)/Quansoso",
				);
				GCC_PREFIX_HEADER = "Quansoso/QSS-Prefix.pch";
				INFOPLIST_FILE = Quansoso/Info.plist;
				LD_RUNPATH_SEARCH_PATHS = "$(inherited) @executable_path/Frameworks";
				ONLY_ACTIVE_ARCH = NO;
				PRODUCT_NAME = "$(TARGET_NAME)";
				VALID_ARCHS = "armv7 armv64";
			};
			name = Debug;
		};
		FF8A92AE19C433B80010439B /* Release */ = {
			isa = XCBuildConfiguration;
			buildSettings = {
				ARCHS = (
					"$(ARCHS_STANDARD)",
					ARCHS_STANDARD_32_BIT,
				);
				ASSETCATALOG_COMPILER_APPICON_NAME = AppIcon;
				ASSETCATALOG_COMPILER_LAUNCHIMAGE_NAME = LaunchImage;
				FRAMEWORK_SEARCH_PATHS = (
					"$(inherited)",
					"$(PROJECT_DIR)/TBSDK",
					"$(PROJECT_DIR)/Quansoso/TBSDK",
					"$(PROJECT_DIR)/Quansoso",
				);
				GCC_PREFIX_HEADER = "Quansoso/QSS-Prefix.pch";
				INFOPLIST_FILE = Quansoso/Info.plist;
				LD_RUNPATH_SEARCH_PATHS = "$(inherited) @executable_path/Frameworks";
				ONLY_ACTIVE_ARCH = NO;
				PRODUCT_NAME = "$(TARGET_NAME)";
				VALID_ARCHS = "armv7 armv64";
			};
			name = Release;
		};
		FF8A92B019C433B80010439B /* Debug */ = {
			isa = XCBuildConfiguration;
			buildSettings = {
				BUNDLE_LOADER = "$(TEST_HOST)";
				FRAMEWORK_SEARCH_PATHS = (
					"$(SDKROOT)/Developer/Library/Frameworks",
					"$(inherited)",
				);
				GCC_PREPROCESSOR_DEFINITIONS = (
					"DEBUG=1",
					"$(inherited)",
				);
				INFOPLIST_FILE = QuansosoTests/Info.plist;
				LD_RUNPATH_SEARCH_PATHS = "$(inherited) @executable_path/Frameworks @loader_path/Frameworks";
				PRODUCT_NAME = "$(TARGET_NAME)";
				TEST_HOST = "$(BUILT_PRODUCTS_DIR)/Quansoso.app/Quansoso";
			};
			name = Debug;
		};
		FF8A92B119C433B80010439B /* Release */ = {
			isa = XCBuildConfiguration;
			buildSettings = {
				BUNDLE_LOADER = "$(TEST_HOST)";
				FRAMEWORK_SEARCH_PATHS = (
					"$(SDKROOT)/Developer/Library/Frameworks",
					"$(inherited)",
				);
				INFOPLIST_FILE = QuansosoTests/Info.plist;
				LD_RUNPATH_SEARCH_PATHS = "$(inherited) @executable_path/Frameworks @loader_path/Frameworks";
				PRODUCT_NAME = "$(TARGET_NAME)";
				TEST_HOST = "$(BUILT_PRODUCTS_DIR)/Quansoso.app/Quansoso";
			};
			name = Release;
		};
/* End XCBuildConfiguration section */

/* Begin XCConfigurationList section */
		FF8A928A19C433B80010439B /* Build configuration list for PBXProject "Quansoso" */ = {
			isa = XCConfigurationList;
			buildConfigurations = (
				FF8A92AA19C433B80010439B /* Debug */,
				FF8A92AB19C433B80010439B /* Release */,
			);
			defaultConfigurationIsVisible = 0;
			defaultConfigurationName = Release;
		};
		FF8A92AC19C433B80010439B /* Build configuration list for PBXNativeTarget "Quansoso" */ = {
			isa = XCConfigurationList;
			buildConfigurations = (
				FF8A92AD19C433B80010439B /* Debug */,
				FF8A92AE19C433B80010439B /* Release */,
			);
			defaultConfigurationIsVisible = 0;
			defaultConfigurationName = Release;
		};
		FF8A92AF19C433B80010439B /* Build configuration list for PBXNativeTarget "QuansosoTests" */ = {
			isa = XCConfigurationList;
			buildConfigurations = (
				FF8A92B019C433B80010439B /* Debug */,
				FF8A92B119C433B80010439B /* Release */,
			);
			defaultConfigurationIsVisible = 0;
			defaultConfigurationName = Release;
		};
/* End XCConfigurationList section */
	};
	rootObject = FF8A928719C433B80010439B /* Project object */;
}
