// !$*UTF8*$!
{
	archiveVersion = 1;
	classes = {
	};
	objectVersion = 46;
	objects = {

/* Begin PBXBuildFile section */
		FF8A929519C433B80010439B /* main.m in Sources */ = {isa = PBXBuildFile; fileRef = FF8A929419C433B80010439B /* main.m */; };
		FF8A929819C433B80010439B /* AppDelegate.m in Sources */ = {isa = PBXBuildFile; fileRef = FF8A929719C433B80010439B /* AppDelegate.m */; };
		FF8A929A19C433B80010439B /* Images.xcassets in Resources */ = {isa = PBXBuildFile; fileRef = FF8A929919C433B80010439B /* Images.xcassets */; };
		FF8A929D19C433B80010439B /* LaunchScreen.xib in Resources */ = {isa = PBXBuildFile; fileRef = FF8A929B19C433B80010439B /* LaunchScreen.xib */; };
		FF8A92A919C433B80010439B /* QuansosoTests.m in Sources */ = {isa = PBXBuildFile; fileRef = FF8A92A819C433B80010439B /* QuansosoTests.m */; };
/* End PBXBuildFile section */

/* Begin PBXContainerItemProxy section */
		FF8A92A319C433B80010439B /* PBXContainerItemProxy */ = {
			isa = PBXContainerItemProxy;
			containerPortal = FF8A928719C433B80010439B /* Project object */;
			proxyType = 1;
			remoteGlobalIDString = FF8A928E19C433B80010439B;
			remoteInfo = Quansoso;
		};
/* End PBXContainerItemProxy section */

/* Begin PBXFileReference section */
		FF8A928F19C433B80010439B /* Quansoso.app */ = {isa = PBXFileReference; explicitFileType = wrapper.application; includeInIndex = 0; path = Quansoso.app; sourceTree = BUILT_PRODUCTS_DIR; };
		FF8A929319C433B80010439B /* Info.plist */ = {isa = PBXFileReference; lastKnownFileType = text.plist.xml; path = Info.plist; sourceTree = "<group>"; };
		FF8A929419C433B80010439B /* main.m */ = {isa = PBXFileReference; lastKnownFileType = sourcecode.c.objc; path = main.m; sourceTree = "<group>"; };
		FF8A929619C433B80010439B /* AppDelegate.h */ = {isa = PBXFileReference; lastKnownFileType = sourcecode.c.h; path = AppDelegate.h; sourceTree = "<group>"; };
		FF8A929719C433B80010439B /* AppDelegate.m */ = {isa = PBXFileReference; lastKnownFileType = sourcecode.c.objc; path = AppDelegate.m; sourceTree = "<group>"; };
		FF8A929919C433B80010439B /* Images.xcassets */ = {isa = PBXFileReference; lastKnownFileType = folder.assetcatalog; path = Images.xcassets; sourceTree = "<group>"; };
		FF8A929C19C433B80010439B /* Base */ = {isa = PBXFileReference; lastKnownFileType = file.xib; name = Base; path = Base.lproj/LaunchScreen.xib; sourceTree = "<group>"; };
		FF8A92A219C433B80010439B /* QuansosoTests.xctest */ = {isa = PBXFileReference; explicitFileType = wrapper.cfbundle; includeInIndex = 0; path = QuansosoTests.xctest; sourceTree = BUILT_PRODUCTS_DIR; };
		FF8A92A719C433B80010439B /* Info.plist */ = {isa = PBXFileReference; lastKnownFileType = text.plist.xml; path = Info.plist; sourceTree = "<group>"; };
		FF8A92A819C433B80010439B /* QuansosoTests.m */ = {isa = PBXFileReference; lastKnownFileType = sourcecode.c.objc; path = QuansosoTests.m; sourceTree = "<group>"; };
		FF8A92B219C434370010439B /* QSS-Prefix.pch */ = {isa = PBXFileReference; fileEncoding = 4; lastKnownFileType = sourcecode.c.h; path = "QSS-Prefix.pch"; sourceTree = "<group>"; };
		FF8A92B419C435AD0010439B /* QSS_Public.h */ = {isa = PBXFileReference; fileEncoding = 4; lastKnownFileType = sourcecode.c.h; path = QSS_Public.h; sourceTree = "<group>"; };
/* End PBXFileReference section */

/* Begin PBXFrameworksBuildPhase section */
		FF8A928C19C433B80010439B /* Frameworks */ = {
			isa = PBXFrameworksBuildPhase;
			buildActionMask = 2147483647;
			files = (
			);
			runOnlyForDeploymentPostprocessing = 0;
		};
		FF8A929F19C433B80010439B /* Frameworks */ = {
			isa = PBXFrameworksBuildPhase;
			buildActionMask = 2147483647;
			files = (
			);
			runOnlyForDeploymentPostprocessing = 0;
		};
/* End PBXFrameworksBuildPhase section */

/* Begin PBXGroup section */
		FF8A928619C433B80010439B = {
			isa = PBXGroup;
			children = (
				FF8A929119C433B80010439B /* Quansoso */,
				FF8A92A519C433B80010439B /* QuansosoTests */,
				FF8A929019C433B80010439B /* Products */,
			);
			sourceTree = "<group>";
		};
		FF8A929019C433B80010439B /* Products */ = {
			isa = PBXGroup;
			children = (
				FF8A928F19C433B80010439B /* Quansoso.app */,
				FF8A92A219C433B80010439B /* QuansosoTests.xctest */,
			);
			name = Products;
			sourceTree = "<group>";
		};
		FF8A929119C433B80010439B /* Quansoso */ = {
			isa = PBXGroup;
			children = (
				FF8A929619C433B80010439B /* AppDelegate.h */,
				FF8A929719C433B80010439B /* AppDelegate.m */,
				FF8A929919C433B80010439B /* Images.xcassets */,
				FF8A929B19C433B80010439B /* LaunchScreen.xib */,
				FF8A929219C433B80010439B /* Supporting Files */,
			);
			path = Quansoso;
			sourceTree = "<group>";
		};
		FF8A929219C433B80010439B /* Supporting Files */ = {
			isa = PBXGroup;
			children = (
				FF8A929319C433B80010439B /* Info.plist */,
				FF8A929419C433B80010439B /* main.m */,
				FF8A92B219C434370010439B /* QSS-Prefix.pch */,
				FF8A92B419C435AD0010439B /* QSS_Public.h */,
			);
			name = "Supporting Files";
			sourceTree = "<group>";
		};
		FF8A92A519C433B80010439B /* QuansosoTests */ = {
			isa = PBXGroup;
			children = (
				FF8A92A819C433B80010439B /* QuansosoTests.m */,
				FF8A92A619C433B80010439B /* Supporting Files */,
			);
			path = QuansosoTests;
			sourceTree = "<group>";
		};
		FF8A92A619C433B80010439B /* Supporting Files */ = {
			isa = PBXGroup;
			children = (
				FF8A92A719C433B80010439B /* Info.plist */,
			);
			name = "Supporting Files";
			sourceTree = "<group>";
		};
/* End PBXGroup section */

/* Begin PBXNativeTarget section */
		FF8A928E19C433B80010439B /* Quansoso */ = {
			isa = PBXNativeTarget;
			buildConfigurationList = FF8A92AC19C433B80010439B /* Build configuration list for PBXNativeTarget "Quansoso" */;
			buildPhases = (
				FF8A928B19C433B80010439B /* Sources */,
				FF8A928C19C433B80010439B /* Frameworks */,
				FF8A928D19C433B80010439B /* Resources */,
			);
			buildRules = (
			);
			dependencies = (
			);
			name = Quansoso;
			productName = Quansoso;
			productReference = FF8A928F19C433B80010439B /* Quansoso.app */;
			productType = "com.apple.product-type.application";
		};
		FF8A92A119C433B80010439B /* QuansosoTests */ = {
			isa = PBXNativeTarget;
			buildConfigurationList = FF8A92AF19C433B80010439B /* Build configuration list for PBXNativeTarget "QuansosoTests" */;
			buildPhases = (
				FF8A929E19C433B80010439B /* Sources */,
				FF8A929F19C433B80010439B /* Frameworks */,
				FF8A92A019C433B80010439B /* Resources */,
			);
			buildRules = (
			);
			dependencies = (
				FF8A92A419C433B80010439B /* PBXTargetDependency */,
			);
			name = QuansosoTests;
			productName = QuansosoTests;
			productReference = FF8A92A219C433B80010439B /* QuansosoTests.xctest */;
			productType = "com.apple.product-type.bundle.unit-test";
		};
/* End PBXNativeTarget section */

/* Begin PBXProject section */
		FF8A928719C433B80010439B /* Project object */ = {
			isa = PBXProject;
			attributes = {
				LastUpgradeCheck = 0600;
				ORGANIZATIONNAME = taobao;
				TargetAttributes = {
					FF8A928E19C433B80010439B = {
						CreatedOnToolsVersion = 6.0;
					};
					FF8A92A119C433B80010439B = {
						CreatedOnToolsVersion = 6.0;
						TestTargetID = FF8A928E19C433B80010439B;
					};
				};
			};
			buildConfigurationList = FF8A928A19C433B80010439B /* Build configuration list for PBXProject "Quansoso" */;
			compatibilityVersion = "Xcode 3.2";
			developmentRegion = English;
			hasScannedForEncodings = 0;
			knownRegions = (
				en,
				Base,
			);
			mainGroup = FF8A928619C433B80010439B;
			productRefGroup = FF8A929019C433B80010439B /* Products */;
			projectDirPath = "";
			projectRoot = "";
			targets = (
				FF8A928E19C433B80010439B /* Quansoso */,
				FF8A92A119C433B80010439B /* QuansosoTests */,
			);
		};
/* End PBXProject section */

/* Begin PBXResourcesBuildPhase section */
		FF8A928D19C433B80010439B /* Resources */ = {
			isa = PBXResourcesBuildPhase;
			buildActionMask = 2147483647;
			files = (
				FF8A929D19C433B80010439B /* LaunchScreen.xib in Resources */,
				FF8A929A19C433B80010439B /* Images.xcassets in Resources */,
			);
			runOnlyForDeploymentPostprocessing = 0;
		};
		FF8A92A019C433B80010439B /* Resources */ = {
			isa = PBXResourcesBuildPhase;
			buildActionMask = 2147483647;
			files = (
			);
			runOnlyForDeploymentPostprocessing = 0;
		};
/* End PBXResourcesBuildPhase section */

/* Begin PBXSourcesBuildPhase section */
		FF8A928B19C433B80010439B /* Sources */ = {
			isa = PBXSourcesBuildPhase;
			buildActionMask = 2147483647;
			files = (
				FF8A929819C433B80010439B /* AppDelegate.m in Sources */,
				FF8A929519C433B80010439B /* main.m in Sources */,
			);
			runOnlyForDeploymentPostprocessing = 0;
		};
		FF8A929E19C433B80010439B /* Sources */ = {
			isa = PBXSourcesBuildPhase;
			buildActionMask = 2147483647;
			files = (
				FF8A92A919C433B80010439B /* QuansosoTests.m in Sources */,
			);
			runOnlyForDeploymentPostprocessing = 0;
		};
/* End PBXSourcesBuildPhase section */

/* Begin PBXTargetDependency section */
		FF8A92A419C433B80010439B /* PBXTargetDependency */ = {
			isa = PBXTargetDependency;
			target = FF8A928E19C433B80010439B /* Quansoso */;
			targetProxy = FF8A92A319C433B80010439B /* PBXContainerItemProxy */;
		};
/* End PBXTargetDependency section */

/* Begin PBXVariantGroup section */
		FF8A929B19C433B80010439B /* LaunchScreen.xib */ = {
			isa = PBXVariantGroup;
			children = (
				FF8A929C19C433B80010439B /* Base */,
			);
			name = LaunchScreen.xib;
			sourceTree = "<group>";
		};
/* End PBXVariantGroup section */

/* Begin XCBuildConfiguration section */
		FF8A92AA19C433B80010439B /* Debug */ = {
			isa = XCBuildConfiguration;
			buildSettings = {
				ALWAYS_SEARCH_USER_PATHS = NO;
				CLANG_CXX_LANGUAGE_STANDARD = "gnu++0x";
				CLANG_CXX_LIBRARY = "libc++";
				CLANG_ENABLE_MODULES = YES;
				CLANG_ENABLE_OBJC_ARC = YES;
				CLANG_WARN_BOOL_CONVERSION = YES;
				CLANG_WARN_CONSTANT_CONVERSION = YES;
				CLANG_WARN_DIRECT_OBJC_ISA_USAGE = YES_ERROR;
				CLANG_WARN_EMPTY_BODY = YES;
				CLANG_WARN_ENUM_CONVERSION = YES;
				CLANG_WARN_INT_CONVERSION = YES;
				CLANG_WARN_OBJC_ROOT_CLASS = YES_ERROR;
				CLANG_WARN_UNREACHABLE_CODE = YES;
				CLANG_WARN__DUPLICATE_METHOD_MATCH = YES;
				"CODE_SIGN_IDENTITY[sdk=iphoneos*]" = "iPhone Developer";
				COPY_PHASE_STRIP = NO;
				ENABLE_STRICT_OBJC_MSGSEND = YES;
				GCC_C_LANGUAGE_STANDARD = gnu99;
				GCC_DYNAMIC_NO_PIC = NO;
				GCC_OPTIMIZATION_LEVEL = 0;
				GCC_PREPROCESSOR_DEFINITIONS = (
					"DEBUG=1",
					"$(inherited)",
				);
				GCC_SYMBOLS_PRIVATE_EXTERN = NO;
				GCC_WARN_64_TO_32_BIT_CONVERSION = YES;
				GCC_WARN_ABOUT_RETURN_TYPE = YES_ERROR;
				GCC_WARN_UNDECLARED_SELECTOR = YES;
				GCC_WARN_UNINITIALIZED_AUTOS = YES_AGGRESSIVE;
				GCC_WARN_UNUSED_FUNCTION = YES;
				GCC_WARN_UNUSED_VARIABLE = YES;
				IPHONEOS_DEPLOYMENT_TARGET = 6.0;
				MTL_ENABLE_DEBUG_INFO = YES;
				ONLY_ACTIVE_ARCH = YES;
				SDKROOT = iphoneos;
			};
			name = Debug;
		};
		FF8A92AB19C433B80010439B /* Release */ = {
			isa = XCBuildConfiguration;
			buildSettings = {
				ALWAYS_SEARCH_USER_PATHS = NO;
				CLANG_CXX_LANGUAGE_STANDARD = "gnu++0x";
				CLANG_CXX_LIBRARY = "libc++";
				CLANG_ENABLE_MODULES = YES;
				CLANG_ENABLE_OBJC_ARC = YES;
				CLANG_WARN_BOOL_CONVERSION = YES;
				CLANG_WARN_CONSTANT_CONVERSION = YES;
				CLANG_WARN_DIRECT_OBJC_ISA_USAGE = YES_ERROR;
				CLANG_WARN_EMPTY_BODY = YES;
				CLANG_WARN_ENUM_CONVERSION = YES;
				CLANG_WARN_INT_CONVERSION = YES;
				CLANG_WARN_OBJC_ROOT_CLASS = YES_ERROR;
				CLANG_WARN_UNREACHABLE_CODE = YES;
				CLANG_WARN__DUPLICATE_METHOD_MATCH = YES;
				"CODE_SIGN_IDENTITY[sdk=iphoneos*]" = "iPhone Developer";
				COPY_PHASE_STRIP = YES;
				ENABLE_NS_ASSERTIONS = NO;
				ENABLE_STRICT_OBJC_MSGSEND = YES;
				GCC_C_LANGUAGE_STANDARD = gnu99;
				GCC_WARN_64_TO_32_BIT_CONVERSION = YES;
				GCC_WARN_ABOUT_RETURN_TYPE = YES_ERROR;
				GCC_WARN_UNDECLARED_SELECTOR = YES;
				GCC_WARN_UNINITIALIZED_AUTOS = YES_AGGRESSIVE;
				GCC_WARN_UNUSED_FUNCTION = YES;
				GCC_WARN_UNUSED_VARIABLE = YES;
				IPHONEOS_DEPLOYMENT_TARGET = 6.0;
				MTL_ENABLE_DEBUG_INFO = NO;
				SDKROOT = iphoneos;
				VALIDATE_PRODUCT = YES;
			};
			name = Release;
		};
		FF8A92AD19C433B80010439B /* Debug */ = {
			isa = XCBuildConfiguration;
			buildSettings = {
				ASSETCATALOG_COMPILER_APPICON_NAME = AppIcon;
				GCC_PREFIX_HEADER = "Quansoso/QSS-Prefix.pch";
				INFOPLIST_FILE = Quansoso/Info.plist;
				LD_RUNPATH_SEARCH_PATHS = "$(inherited) @executable_path/Frameworks";
				PRODUCT_NAME = "$(TARGET_NAME)";
			};
			name = Debug;
		};
		FF8A92AE19C433B80010439B /* Release */ = {
			isa = XCBuildConfiguration;
			buildSettings = {
				ASSETCATALOG_COMPILER_APPICON_NAME = AppIcon;
				GCC_PREFIX_HEADER = "Quansoso/QSS-Prefix.pch";
				INFOPLIST_FILE = Quansoso/Info.plist;
				LD_RUNPATH_SEARCH_PATHS = "$(inherited) @executable_path/Frameworks";
				PRODUCT_NAME = "$(TARGET_NAME)";
			};
			name = Release;
		};
		FF8A92B019C433B80010439B /* Debug */ = {
			isa = XCBuildConfiguration;
			buildSettings = {
				BUNDLE_LOADER = "$(TEST_HOST)";
				FRAMEWORK_SEARCH_PATHS = (
					"$(SDKROOT)/Developer/Library/Frameworks",
					"$(inherited)",
				);
				GCC_PREPROCESSOR_DEFINITIONS = (
					"DEBUG=1",
					"$(inherited)",
				);
				INFOPLIST_FILE = QuansosoTests/Info.plist;
				LD_RUNPATH_SEARCH_PATHS = "$(inherited) @executable_path/Frameworks @loader_path/Frameworks";
				PRODUCT_NAME = "$(TARGET_NAME)";
				TEST_HOST = "$(BUILT_PRODUCTS_DIR)/Quansoso.app/Quansoso";
			};
			name = Debug;
		};
		FF8A92B119C433B80010439B /* Release */ = {
			isa = XCBuildConfiguration;
			buildSettings = {
				BUNDLE_LOADER = "$(TEST_HOST)";
				FRAMEWORK_SEARCH_PATHS = (
					"$(SDKROOT)/Developer/Library/Frameworks",
					"$(inherited)",
				);
				INFOPLIST_FILE = QuansosoTests/Info.plist;
				LD_RUNPATH_SEARCH_PATHS = "$(inherited) @executable_path/Frameworks @loader_path/Frameworks";
				PRODUCT_NAME = "$(TARGET_NAME)";
				TEST_HOST = "$(BUILT_PRODUCTS_DIR)/Quansoso.app/Quansoso";
			};
			name = Release;
		};
/* End XCBuildConfiguration section */

/* Begin XCConfigurationList section */
		FF8A928A19C433B80010439B /* Build configuration list for PBXProject "Quansoso" */ = {
			isa = XCConfigurationList;
			buildConfigurations = (
				FF8A92AA19C433B80010439B /* Debug */,
				FF8A92AB19C433B80010439B /* Release */,
			);
			defaultConfigurationIsVisible = 0;
			defaultConfigurationName = Release;
		};
		FF8A92AC19C433B80010439B /* Build configuration list for PBXNativeTarget "Quansoso" */ = {
			isa = XCConfigurationList;
			buildConfigurations = (
				FF8A92AD19C433B80010439B /* Debug */,
				FF8A92AE19C433B80010439B /* Release */,
			);
			defaultConfigurationIsVisible = 0;
		};
		FF8A92AF19C433B80010439B /* Build configuration list for PBXNativeTarget "QuansosoTests" */ = {
			isa = XCConfigurationList;
			buildConfigurations = (
				FF8A92B019C433B80010439B /* Debug */,
				FF8A92B119C433B80010439B /* Release */,
			);
			defaultConfigurationIsVisible = 0;
		};
/* End XCConfigurationList section */
	};
	rootObject = FF8A928719C433B80010439B /* Project object */;
}
